// !$*UTF8*$!
{
	archiveVersion = 1;
	classes = {
	};
	objectVersion = 46;
	objects = {

/* Begin PBXBuildFile section */
		0C6014BD1DC3934E00C785FD /* AppDelegate.swift in Sources */ = {isa = PBXBuildFile; fileRef = 0C6014BC1DC3934E00C785FD /* AppDelegate.swift */; };
		0C6014BF1DC3934E00C785FD /* ViewController.swift in Sources */ = {isa = PBXBuildFile; fileRef = 0C6014BE1DC3934E00C785FD /* ViewController.swift */; };
		0C6014C21DC3934E00C785FD /* Main.storyboard in Resources */ = {isa = PBXBuildFile; fileRef = 0C6014C01DC3934E00C785FD /* Main.storyboard */; };
		0C6014C41DC3934E00C785FD /* Assets.xcassets in Resources */ = {isa = PBXBuildFile; fileRef = 0C6014C31DC3934E00C785FD /* Assets.xcassets */; };
		0C6014C71DC3934E00C785FD /* LaunchScreen.storyboard in Resources */ = {isa = PBXBuildFile; fileRef = 0C6014C51DC3934E00C785FD /* LaunchScreen.storyboard */; };
		0C6015131DC394C800C785FD /* SPAlbum.swift in Sources */ = {isa = PBXBuildFile; fileRef = 0C6014E81DC394C800C785FD /* SPAlbum.swift */; };
		0C6015141DC394C800C785FD /* SPPickerAlbumsStackView.swift in Sources */ = {isa = PBXBuildFile; fileRef = 0C6014E91DC394C800C785FD /* SPPickerAlbumsStackView.swift */; };
		0C6015151DC394C800C785FD /* SPBadgeView.swift in Sources */ = {isa = PBXBuildFile; fileRef = 0C6014EA1DC394C800C785FD /* SPBadgeView.swift */; };
		0C6015171DC394C800C785FD /* SPBrowser.swift in Sources */ = {isa = PBXBuildFile; fileRef = 0C6014EC1DC394C800C785FD /* SPBrowser.swift */; };
		0C6015181DC394C800C785FD /* SPBrowserAudioView.swift in Sources */ = {isa = PBXBuildFile; fileRef = 0C6014ED1DC394C800C785FD /* SPBrowserAudioView.swift */; };
		0C6015191DC394C800C785FD /* SPBrowserImageView.swift in Sources */ = {isa = PBXBuildFile; fileRef = 0C6014EE1DC394C800C785FD /* SPBrowserImageView.swift */; };
		0C60151A1DC394C800C785FD /* SPBrowserVideoView.swift in Sources */ = {isa = PBXBuildFile; fileRef = 0C6014EF1DC394C800C785FD /* SPBrowserVideoView.swift */; };
		0C60151B1DC394C800C785FD /* SPBrowserView.swift in Sources */ = {isa = PBXBuildFile; fileRef = 0C6014F01DC394C800C785FD /* SPBrowserView.swift */; };
		0C60151D1DC394C800C785FD /* SPEditor.swift in Sources */ = {isa = PBXBuildFile; fileRef = 0C6014F21DC394C800C785FD /* SPEditor.swift */; };
		0C60151E1DC394C800C785FD /* SPErrorView.swift in Sources */ = {isa = PBXBuildFile; fileRef = 0C6014F31DC394C800C785FD /* SPErrorView.swift */; };
		0C6015211DC394C800C785FD /* SPLibrary.swift in Sources */ = {isa = PBXBuildFile; fileRef = 0C6014F61DC394C800C785FD /* SPLibrary.swift */; };
		0C6015231DC394C800C785FD /* SPPicker.swift in Sources */ = {isa = PBXBuildFile; fileRef = 0C6014F81DC394C800C785FD /* SPPicker.swift */; };
		0C6015241DC394C800C785FD /* SPPickerAlbums.swift in Sources */ = {isa = PBXBuildFile; fileRef = 0C6014F91DC394C800C785FD /* SPPickerAlbums.swift */; };
		0C6015251DC394C800C785FD /* SPPickerAlbumsCell.swift in Sources */ = {isa = PBXBuildFile; fileRef = 0C6014FA1DC394C800C785FD /* SPPickerAlbumsCell.swift */; };
		0C6015261DC394C800C785FD /* SPPickerAssets.swift in Sources */ = {isa = PBXBuildFile; fileRef = 0C6014FB1DC394C800C785FD /* SPPickerAssets.swift */; };
		0C6015271DC394C800C785FD /* SPPickerAssetsCell.swift in Sources */ = {isa = PBXBuildFile; fileRef = 0C6014FC1DC394C800C785FD /* SPPickerAssetsCell.swift */; };
		0C6015281DC394C800C785FD /* SPPickerAssetsFooter.swift in Sources */ = {isa = PBXBuildFile; fileRef = 0C6014FD1DC394C800C785FD /* SPPickerAssetsFooter.swift */; };
		0C6015291DC394C800C785FD /* SPPickerAssetsLayout.swift in Sources */ = {isa = PBXBuildFile; fileRef = 0C6014FE1DC394C800C785FD /* SPPickerAssetsLayout.swift */; };
		0C60152A1DC394C800C785FD /* SPPickerInternal.swift in Sources */ = {isa = PBXBuildFile; fileRef = 0C6014FF1DC394C800C785FD /* SPPickerInternal.swift */; };
		0C60152B1DC394C800C785FD /* SPPreviewer.swift in Sources */ = {isa = PBXBuildFile; fileRef = 0C6015001DC394C800C785FD /* SPPreviewer.swift */; };
		0C60152C1DC394C800C785FD /* SPPreviewerCell.swift in Sources */ = {isa = PBXBuildFile; fileRef = 0C6015011DC394C800C785FD /* SPPreviewerCell.swift */; };
		0C60152D1DC394C800C785FD /* SPPreviewerImageCell.swift in Sources */ = {isa = PBXBuildFile; fileRef = 0C6015021DC394C800C785FD /* SPPreviewerImageCell.swift */; };
		0C60152E1DC394C800C785FD /* SPPreviewerVideoCell.swift in Sources */ = {isa = PBXBuildFile; fileRef = 0C6015031DC394C800C785FD /* SPPreviewerVideoCell.swift */; };
		0C60152F1DC394C800C785FD /* SPPreviewerLayout.swift in Sources */ = {isa = PBXBuildFile; fileRef = 0C6015041DC394C800C785FD /* SPPreviewerLayout.swift */; };
		0C6015301DC394C800C785FD /* SPPreviewable.swift in Sources */ = {isa = PBXBuildFile; fileRef = 0C6015051DC394C800C785FD /* SPPreviewable.swift */; };
		0C6015311DC394C800C785FD /* SPPreviewableAnimator.swift in Sources */ = {isa = PBXBuildFile; fileRef = 0C6015061DC394C800C785FD /* SPPreviewableAnimator.swift */; };
		0C6015321DC394C800C785FD /* SPPreviewableView.swift in Sources */ = {isa = PBXBuildFile; fileRef = 0C6015071DC394C800C785FD /* SPPreviewableView.swift */; };
		0C6015331DC394C800C785FD /* SPProgressiveable.swift in Sources */ = {isa = PBXBuildFile; fileRef = 0C6015081DC394C800C785FD /* SPProgressiveable.swift */; };
		0C6015341DC394C800C785FD /* SPProgressiveableImage.swift in Sources */ = {isa = PBXBuildFile; fileRef = 0C6015091DC394C800C785FD /* SPProgressiveableImage.swift */; };
		0C6015351DC394C800C785FD /* SPPickerView.swift in Sources */ = {isa = PBXBuildFile; fileRef = 0C60150A1DC394C800C785FD /* SPPickerView.swift */; };
		0C6015361DC394C800C785FD /* SPPickerViewCell.swift in Sources */ = {isa = PBXBuildFile; fileRef = 0C60150B1DC394C800C785FD /* SPPickerViewCell.swift */; };
		0C6015371DC394C800C785FD /* SPPickerViewLayout.swift in Sources */ = {isa = PBXBuildFile; fileRef = 0C60150C1DC394C800C785FD /* SPPickerViewLayout.swift */; };
		0C6015381DC394C800C785FD /* SPSelectionable.swift in Sources */ = {isa = PBXBuildFile; fileRef = 0C60150D1DC394C800C785FD /* SPSelectionable.swift */; };
		0C60153B1DC394C800C785FD /* SPAssetView.swift in Sources */ = {isa = PBXBuildFile; fileRef = 0C6015101DC394C800C785FD /* SPAssetView.swift */; };
		0C60153F1DC394D400C785FD /* Logger.swift in Sources */ = {isa = PBXBuildFile; fileRef = 0C60153E1DC394D400C785FD /* Logger.swift */; };
		0C6C231C1DC6FAAF003A0B0C /* Logger.swift in Sources */ = {isa = PBXBuildFile; fileRef = 0C60153E1DC394D400C785FD /* Logger.swift */; };
		0C6C231D1DC6FAAF003A0B0C /* SPAsset.swift in Sources */ = {isa = PBXBuildFile; fileRef = 0CCA29241DC6E3AE00DEA1F6 /* SPAsset.swift */; };
		0C6C231E1DC6FAAF003A0B0C /* SPAlbum.swift in Sources */ = {isa = PBXBuildFile; fileRef = 0C6014E81DC394C800C785FD /* SPAlbum.swift */; };
		0C6C231F1DC6FAAF003A0B0C /* SPLibrary.swift in Sources */ = {isa = PBXBuildFile; fileRef = 0C6014F61DC394C800C785FD /* SPLibrary.swift */; };
		0C6C23201DC6FAAF003A0B0C /* SPSelectionable.swift in Sources */ = {isa = PBXBuildFile; fileRef = 0C60150D1DC394C800C785FD /* SPSelectionable.swift */; };
		0C6C23211DC6FAAF003A0B0C /* SPPreviewable.swift in Sources */ = {isa = PBXBuildFile; fileRef = 0C6015051DC394C800C785FD /* SPPreviewable.swift */; };
		0C6C23221DC6FAAF003A0B0C /* SPPreviewableAnimator.swift in Sources */ = {isa = PBXBuildFile; fileRef = 0C6015061DC394C800C785FD /* SPPreviewableAnimator.swift */; };
		0C6C23231DC6FAAF003A0B0C /* SPPreviewableView.swift in Sources */ = {isa = PBXBuildFile; fileRef = 0C6015071DC394C800C785FD /* SPPreviewableView.swift */; };
		0C6C23241DC6FAAF003A0B0C /* SPProgressiveable.swift in Sources */ = {isa = PBXBuildFile; fileRef = 0C6015081DC394C800C785FD /* SPProgressiveable.swift */; };
		0C6C23251DC6FAAF003A0B0C /* SPProgressiveableImage.swift in Sources */ = {isa = PBXBuildFile; fileRef = 0C6015091DC394C800C785FD /* SPProgressiveableImage.swift */; };
		0C6C23261DC6FAAF003A0B0C /* SPAssetView.swift in Sources */ = {isa = PBXBuildFile; fileRef = 0C6015101DC394C800C785FD /* SPAssetView.swift */; };
		0C6C23271DC6FAAF003A0B0C /* SPBadge.swift in Sources */ = {isa = PBXBuildFile; fileRef = 0CCA29261DC6E4D700DEA1F6 /* SPBadge.swift */; };
		0C6C23281DC6FAAF003A0B0C /* SPBadgeView.swift in Sources */ = {isa = PBXBuildFile; fileRef = 0C6014EA1DC394C800C785FD /* SPBadgeView.swift */; };
		0C6C23291DC6FAAF003A0B0C /* SPBrowser.swift in Sources */ = {isa = PBXBuildFile; fileRef = 0C6014EC1DC394C800C785FD /* SPBrowser.swift */; };
		0C6C232A1DC6FAAF003A0B0C /* SPBrowserAudioView.swift in Sources */ = {isa = PBXBuildFile; fileRef = 0C6014ED1DC394C800C785FD /* SPBrowserAudioView.swift */; };
		0C6C232B1DC6FAAF003A0B0C /* SPBrowserImageView.swift in Sources */ = {isa = PBXBuildFile; fileRef = 0C6014EE1DC394C800C785FD /* SPBrowserImageView.swift */; };
		0C6C232C1DC6FAAF003A0B0C /* SPBrowserVideoView.swift in Sources */ = {isa = PBXBuildFile; fileRef = 0C6014EF1DC394C800C785FD /* SPBrowserVideoView.swift */; };
		0C6C232D1DC6FAAF003A0B0C /* SPBrowserView.swift in Sources */ = {isa = PBXBuildFile; fileRef = 0C6014F01DC394C800C785FD /* SPBrowserView.swift */; };
		0C6C232E1DC6FAAF003A0B0C /* SPEditor.swift in Sources */ = {isa = PBXBuildFile; fileRef = 0C6014F21DC394C800C785FD /* SPEditor.swift */; };
		0C6C232F1DC6FAAF003A0B0C /* SPErrorView.swift in Sources */ = {isa = PBXBuildFile; fileRef = 0C6014F31DC394C800C785FD /* SPErrorView.swift */; };
		0C6C23301DC6FAAF003A0B0C /* SPPicker.swift in Sources */ = {isa = PBXBuildFile; fileRef = 0C6014F81DC394C800C785FD /* SPPicker.swift */; };
		0C6C23311DC6FAAF003A0B0C /* SPPickerAlbums.swift in Sources */ = {isa = PBXBuildFile; fileRef = 0C6014F91DC394C800C785FD /* SPPickerAlbums.swift */; };
		0C6C23321DC6FAAF003A0B0C /* SPPickerAlbumsCell.swift in Sources */ = {isa = PBXBuildFile; fileRef = 0C6014FA1DC394C800C785FD /* SPPickerAlbumsCell.swift */; };
		0C6C23331DC6FAAF003A0B0C /* SPPickerAlbumsStackView.swift in Sources */ = {isa = PBXBuildFile; fileRef = 0C6014E91DC394C800C785FD /* SPPickerAlbumsStackView.swift */; };
		0C6C23341DC6FAAF003A0B0C /* SPPickerAssets.swift in Sources */ = {isa = PBXBuildFile; fileRef = 0C6014FB1DC394C800C785FD /* SPPickerAssets.swift */; };
		0C6C23351DC6FAAF003A0B0C /* SPPickerAssetsCell.swift in Sources */ = {isa = PBXBuildFile; fileRef = 0C6014FC1DC394C800C785FD /* SPPickerAssetsCell.swift */; };
		0C6C23361DC6FAAF003A0B0C /* SPPickerAssetsFooter.swift in Sources */ = {isa = PBXBuildFile; fileRef = 0C6014FD1DC394C800C785FD /* SPPickerAssetsFooter.swift */; };
		0C6C23371DC6FAAF003A0B0C /* SPPickerAssetsLayout.swift in Sources */ = {isa = PBXBuildFile; fileRef = 0C6014FE1DC394C800C785FD /* SPPickerAssetsLayout.swift */; };
		0C6C23381DC6FAAF003A0B0C /* SPPickerInternal.swift in Sources */ = {isa = PBXBuildFile; fileRef = 0C6014FF1DC394C800C785FD /* SPPickerInternal.swift */; };
		0C6C23391DC6FAAF003A0B0C /* SPPickerView.swift in Sources */ = {isa = PBXBuildFile; fileRef = 0C60150A1DC394C800C785FD /* SPPickerView.swift */; };
		0C6C233A1DC6FAAF003A0B0C /* SPPickerViewCell.swift in Sources */ = {isa = PBXBuildFile; fileRef = 0C60150B1DC394C800C785FD /* SPPickerViewCell.swift */; };
		0C6C233B1DC6FAAF003A0B0C /* SPPickerViewLayout.swift in Sources */ = {isa = PBXBuildFile; fileRef = 0C60150C1DC394C800C785FD /* SPPickerViewLayout.swift */; };
		0C6C233C1DC6FAAF003A0B0C /* SPPreviewer.swift in Sources */ = {isa = PBXBuildFile; fileRef = 0C6015001DC394C800C785FD /* SPPreviewer.swift */; };
		0C6C233D1DC6FAAF003A0B0C /* SPPreviewerCell.swift in Sources */ = {isa = PBXBuildFile; fileRef = 0C6015011DC394C800C785FD /* SPPreviewerCell.swift */; };
		0C6C233E1DC6FAAF003A0B0C /* SPPreviewerImageCell.swift in Sources */ = {isa = PBXBuildFile; fileRef = 0C6015021DC394C800C785FD /* SPPreviewerImageCell.swift */; };
		0C6C233F1DC6FAAF003A0B0C /* SPPreviewerLayout.swift in Sources */ = {isa = PBXBuildFile; fileRef = 0C6015041DC394C800C785FD /* SPPreviewerLayout.swift */; };
		0C6C23401DC6FAAF003A0B0C /* SPPreviewerVideoCell.swift in Sources */ = {isa = PBXBuildFile; fileRef = 0C6015031DC394C800C785FD /* SPPreviewerVideoCell.swift */; };
		0C6C23511DC6FC6C003A0B0C /* SAMedia.framework in Frameworks */ = {isa = PBXBuildFile; fileRef = 0C6C23501DC6FC6C003A0B0C /* SAMedia.framework */; };
		0C6C23521DC6FC6C003A0B0C /* SAMedia.framework in Embed Frameworks */ = {isa = PBXBuildFile; fileRef = 0C6C23501DC6FC6C003A0B0C /* SAMedia.framework */; settings = {ATTRIBUTES = (CodeSignOnCopy, RemoveHeadersOnCopy, ); }; };
		0C6C23541DC6FD04003A0B0C /* SAMedia.framework in Frameworks */ = {isa = PBXBuildFile; fileRef = 0C6C23501DC6FC6C003A0B0C /* SAMedia.framework */; };
		0C6C23551DC6FD54003A0B0C /* SPButtonBarItem.swift in Sources */ = {isa = PBXBuildFile; fileRef = 0CCA29391DC6E9D800DEA1F6 /* SPButtonBarItem.swift */; };
		0C6C23561DC6FD54003A0B0C /* SPImageView.swift in Sources */ = {isa = PBXBuildFile; fileRef = 0CCA293B1DC6E9D800DEA1F6 /* SPImageView.swift */; };
		0C6C23571DC6FD54003A0B0C /* SPContainterView.swift in Sources */ = {isa = PBXBuildFile; fileRef = 0CCA293A1DC6E9D800DEA1F6 /* SPContainterView.swift */; };
		0C6C23581DC6FD54003A0B0C /* SPToolbar.swift in Sources */ = {isa = PBXBuildFile; fileRef = 0CCA293D1DC6E9D800DEA1F6 /* SPToolbar.swift */; };
		0C6C23591DC6FD54003A0B0C /* SPNavigationBar.swift in Sources */ = {isa = PBXBuildFile; fileRef = 0CCA293C1DC6E9D800DEA1F6 /* SPNavigationBar.swift */; };
		0C6C235A1DC6FD54003A0B0C /* SPWKObject.swift in Sources */ = {isa = PBXBuildFile; fileRef = 0CCA293E1DC6E9D800DEA1F6 /* SPWKObject.swift */; };
		0C6C235B1DC6FD54003A0B0C /* NSLayoutConstraint+Photos.swift in Sources */ = {isa = PBXBuildFile; fileRef = 0CCA294E1DC6F15A00DEA1F6 /* NSLayoutConstraint+Photos.swift */; };
		0CCA29251DC6E3AE00DEA1F6 /* SPAsset.swift in Sources */ = {isa = PBXBuildFile; fileRef = 0CCA29241DC6E3AE00DEA1F6 /* SPAsset.swift */; };
		0CCA29271DC6E4D700DEA1F6 /* SPBadge.swift in Sources */ = {isa = PBXBuildFile; fileRef = 0CCA29261DC6E4D700DEA1F6 /* SPBadge.swift */; };
		0CCA293F1DC6E9D800DEA1F6 /* SPButtonBarItem.swift in Sources */ = {isa = PBXBuildFile; fileRef = 0CCA29391DC6E9D800DEA1F6 /* SPButtonBarItem.swift */; };
		0CCA29401DC6E9D800DEA1F6 /* SPContainterView.swift in Sources */ = {isa = PBXBuildFile; fileRef = 0CCA293A1DC6E9D800DEA1F6 /* SPContainterView.swift */; };
		0CCA29411DC6E9D800DEA1F6 /* SPImageView.swift in Sources */ = {isa = PBXBuildFile; fileRef = 0CCA293B1DC6E9D800DEA1F6 /* SPImageView.swift */; };
		0CCA29421DC6E9D800DEA1F6 /* SPNavigationBar.swift in Sources */ = {isa = PBXBuildFile; fileRef = 0CCA293C1DC6E9D800DEA1F6 /* SPNavigationBar.swift */; };
		0CCA29431DC6E9D800DEA1F6 /* SPToolbar.swift in Sources */ = {isa = PBXBuildFile; fileRef = 0CCA293D1DC6E9D800DEA1F6 /* SPToolbar.swift */; };
		0CCA29441DC6E9D800DEA1F6 /* SPWKObject.swift in Sources */ = {isa = PBXBuildFile; fileRef = 0CCA293E1DC6E9D800DEA1F6 /* SPWKObject.swift */; };
		0CCA294F1DC6F15A00DEA1F6 /* NSLayoutConstraint+Photos.swift in Sources */ = {isa = PBXBuildFile; fileRef = 0CCA294E1DC6F15A00DEA1F6 /* NSLayoutConstraint+Photos.swift */; };
		0CCA29951DC6F91000DEA1F6 /* SAPhotos.h in Headers */ = {isa = PBXBuildFile; fileRef = 0CCA29941DC6F91000DEA1F6 /* SAPhotos.h */; settings = {ATTRIBUTES = (Public, ); }; };
/* End PBXBuildFile section */

/* Begin PBXCopyFilesBuildPhase section */
		0C6C234A1DC6FB04003A0B0C /* Embed Frameworks */ = {
			isa = PBXCopyFilesBuildPhase;
			buildActionMask = 2147483647;
			dstPath = "";
			dstSubfolderSpec = 10;
			files = (
				0C6C23521DC6FC6C003A0B0C /* SAMedia.framework in Embed Frameworks */,
			);
			name = "Embed Frameworks";
			runOnlyForDeploymentPostprocessing = 0;
		};
/* End PBXCopyFilesBuildPhase section */

/* Begin PBXFileReference section */
		0C6014B91DC3934E00C785FD /* SAPhotos-Dev.app */ = {isa = PBXFileReference; explicitFileType = wrapper.application; includeInIndex = 0; path = "SAPhotos-Dev.app"; sourceTree = BUILT_PRODUCTS_DIR; };
		0C6014BC1DC3934E00C785FD /* AppDelegate.swift */ = {isa = PBXFileReference; lastKnownFileType = sourcecode.swift; path = AppDelegate.swift; sourceTree = "<group>"; };
		0C6014BE1DC3934E00C785FD /* ViewController.swift */ = {isa = PBXFileReference; lastKnownFileType = sourcecode.swift; path = ViewController.swift; sourceTree = "<group>"; };
		0C6014C11DC3934E00C785FD /* Base */ = {isa = PBXFileReference; lastKnownFileType = file.storyboard; name = Base; path = Base.lproj/Main.storyboard; sourceTree = "<group>"; };
		0C6014C31DC3934E00C785FD /* Assets.xcassets */ = {isa = PBXFileReference; lastKnownFileType = folder.assetcatalog; path = Assets.xcassets; sourceTree = "<group>"; };
		0C6014C61DC3934E00C785FD /* Base */ = {isa = PBXFileReference; lastKnownFileType = file.storyboard; name = Base; path = Base.lproj/LaunchScreen.storyboard; sourceTree = "<group>"; };
		0C6014E81DC394C800C785FD /* SPAlbum.swift */ = {isa = PBXFileReference; fileEncoding = 4; lastKnownFileType = sourcecode.swift; path = SPAlbum.swift; sourceTree = "<group>"; };
		0C6014E91DC394C800C785FD /* SPPickerAlbumsStackView.swift */ = {isa = PBXFileReference; fileEncoding = 4; lastKnownFileType = sourcecode.swift; path = SPPickerAlbumsStackView.swift; sourceTree = "<group>"; };
		0C6014EA1DC394C800C785FD /* SPBadgeView.swift */ = {isa = PBXFileReference; fileEncoding = 4; lastKnownFileType = sourcecode.swift; path = SPBadgeView.swift; sourceTree = "<group>"; };
		0C6014EC1DC394C800C785FD /* SPBrowser.swift */ = {isa = PBXFileReference; fileEncoding = 4; lastKnownFileType = sourcecode.swift; path = SPBrowser.swift; sourceTree = "<group>"; };
		0C6014ED1DC394C800C785FD /* SPBrowserAudioView.swift */ = {isa = PBXFileReference; fileEncoding = 4; lastKnownFileType = sourcecode.swift; path = SPBrowserAudioView.swift; sourceTree = "<group>"; };
		0C6014EE1DC394C800C785FD /* SPBrowserImageView.swift */ = {isa = PBXFileReference; fileEncoding = 4; lastKnownFileType = sourcecode.swift; path = SPBrowserImageView.swift; sourceTree = "<group>"; };
		0C6014EF1DC394C800C785FD /* SPBrowserVideoView.swift */ = {isa = PBXFileReference; fileEncoding = 4; lastKnownFileType = sourcecode.swift; path = SPBrowserVideoView.swift; sourceTree = "<group>"; };
		0C6014F01DC394C800C785FD /* SPBrowserView.swift */ = {isa = PBXFileReference; fileEncoding = 4; lastKnownFileType = sourcecode.swift; path = SPBrowserView.swift; sourceTree = "<group>"; };
		0C6014F21DC394C800C785FD /* SPEditor.swift */ = {isa = PBXFileReference; fileEncoding = 4; lastKnownFileType = sourcecode.swift; path = SPEditor.swift; sourceTree = "<group>"; };
		0C6014F31DC394C800C785FD /* SPErrorView.swift */ = {isa = PBXFileReference; fileEncoding = 4; lastKnownFileType = sourcecode.swift; path = SPErrorView.swift; sourceTree = "<group>"; };
		0C6014F61DC394C800C785FD /* SPLibrary.swift */ = {isa = PBXFileReference; fileEncoding = 4; lastKnownFileType = sourcecode.swift; path = SPLibrary.swift; sourceTree = "<group>"; };
		0C6014F81DC394C800C785FD /* SPPicker.swift */ = {isa = PBXFileReference; fileEncoding = 4; lastKnownFileType = sourcecode.swift; path = SPPicker.swift; sourceTree = "<group>"; };
		0C6014F91DC394C800C785FD /* SPPickerAlbums.swift */ = {isa = PBXFileReference; fileEncoding = 4; lastKnownFileType = sourcecode.swift; path = SPPickerAlbums.swift; sourceTree = "<group>"; };
		0C6014FA1DC394C800C785FD /* SPPickerAlbumsCell.swift */ = {isa = PBXFileReference; fileEncoding = 4; lastKnownFileType = sourcecode.swift; path = SPPickerAlbumsCell.swift; sourceTree = "<group>"; };
		0C6014FB1DC394C800C785FD /* SPPickerAssets.swift */ = {isa = PBXFileReference; fileEncoding = 4; lastKnownFileType = sourcecode.swift; path = SPPickerAssets.swift; sourceTree = "<group>"; };
		0C6014FC1DC394C800C785FD /* SPPickerAssetsCell.swift */ = {isa = PBXFileReference; fileEncoding = 4; lastKnownFileType = sourcecode.swift; path = SPPickerAssetsCell.swift; sourceTree = "<group>"; };
		0C6014FD1DC394C800C785FD /* SPPickerAssetsFooter.swift */ = {isa = PBXFileReference; fileEncoding = 4; lastKnownFileType = sourcecode.swift; path = SPPickerAssetsFooter.swift; sourceTree = "<group>"; };
		0C6014FE1DC394C800C785FD /* SPPickerAssetsLayout.swift */ = {isa = PBXFileReference; fileEncoding = 4; lastKnownFileType = sourcecode.swift; path = SPPickerAssetsLayout.swift; sourceTree = "<group>"; };
		0C6014FF1DC394C800C785FD /* SPPickerInternal.swift */ = {isa = PBXFileReference; fileEncoding = 4; lastKnownFileType = sourcecode.swift; path = SPPickerInternal.swift; sourceTree = "<group>"; };
		0C6015001DC394C800C785FD /* SPPreviewer.swift */ = {isa = PBXFileReference; fileEncoding = 4; lastKnownFileType = sourcecode.swift; path = SPPreviewer.swift; sourceTree = "<group>"; };
		0C6015011DC394C800C785FD /* SPPreviewerCell.swift */ = {isa = PBXFileReference; fileEncoding = 4; lastKnownFileType = sourcecode.swift; path = SPPreviewerCell.swift; sourceTree = "<group>"; };
		0C6015021DC394C800C785FD /* SPPreviewerImageCell.swift */ = {isa = PBXFileReference; fileEncoding = 4; lastKnownFileType = sourcecode.swift; path = SPPreviewerImageCell.swift; sourceTree = "<group>"; };
		0C6015031DC394C800C785FD /* SPPreviewerVideoCell.swift */ = {isa = PBXFileReference; fileEncoding = 4; lastKnownFileType = sourcecode.swift; path = SPPreviewerVideoCell.swift; sourceTree = "<group>"; };
		0C6015041DC394C800C785FD /* SPPreviewerLayout.swift */ = {isa = PBXFileReference; fileEncoding = 4; lastKnownFileType = sourcecode.swift; path = SPPreviewerLayout.swift; sourceTree = "<group>"; };
		0C6015051DC394C800C785FD /* SPPreviewable.swift */ = {isa = PBXFileReference; fileEncoding = 4; lastKnownFileType = sourcecode.swift; path = SPPreviewable.swift; sourceTree = "<group>"; };
		0C6015061DC394C800C785FD /* SPPreviewableAnimator.swift */ = {isa = PBXFileReference; fileEncoding = 4; lastKnownFileType = sourcecode.swift; path = SPPreviewableAnimator.swift; sourceTree = "<group>"; };
		0C6015071DC394C800C785FD /* SPPreviewableView.swift */ = {isa = PBXFileReference; fileEncoding = 4; lastKnownFileType = sourcecode.swift; path = SPPreviewableView.swift; sourceTree = "<group>"; };
		0C6015081DC394C800C785FD /* SPProgressiveable.swift */ = {isa = PBXFileReference; fileEncoding = 4; lastKnownFileType = sourcecode.swift; path = SPProgressiveable.swift; sourceTree = "<group>"; };
		0C6015091DC394C800C785FD /* SPProgressiveableImage.swift */ = {isa = PBXFileReference; fileEncoding = 4; lastKnownFileType = sourcecode.swift; path = SPProgressiveableImage.swift; sourceTree = "<group>"; };
		0C60150A1DC394C800C785FD /* SPPickerView.swift */ = {isa = PBXFileReference; fileEncoding = 4; lastKnownFileType = sourcecode.swift; path = SPPickerView.swift; sourceTree = "<group>"; };
		0C60150B1DC394C800C785FD /* SPPickerViewCell.swift */ = {isa = PBXFileReference; fileEncoding = 4; lastKnownFileType = sourcecode.swift; path = SPPickerViewCell.swift; sourceTree = "<group>"; };
		0C60150C1DC394C800C785FD /* SPPickerViewLayout.swift */ = {isa = PBXFileReference; fileEncoding = 4; lastKnownFileType = sourcecode.swift; path = SPPickerViewLayout.swift; sourceTree = "<group>"; };
		0C60150D1DC394C800C785FD /* SPSelectionable.swift */ = {isa = PBXFileReference; fileEncoding = 4; lastKnownFileType = sourcecode.swift; path = SPSelectionable.swift; sourceTree = "<group>"; };
		0C6015101DC394C800C785FD /* SPAssetView.swift */ = {isa = PBXFileReference; fileEncoding = 4; lastKnownFileType = sourcecode.swift; path = SPAssetView.swift; sourceTree = "<group>"; };
		0C60153E1DC394D400C785FD /* Logger.swift */ = {isa = PBXFileReference; fileEncoding = 4; lastKnownFileType = sourcecode.swift; path = Logger.swift; sourceTree = "<group>"; };
		0C6C23501DC6FC6C003A0B0C /* SAMedia.framework */ = {isa = PBXFileReference; explicitFileType = wrapper.framework; path = SAMedia.framework; sourceTree = BUILT_PRODUCTS_DIR; };
		0CCA29241DC6E3AE00DEA1F6 /* SPAsset.swift */ = {isa = PBXFileReference; fileEncoding = 4; lastKnownFileType = sourcecode.swift; path = SPAsset.swift; sourceTree = "<group>"; };
		0CCA29261DC6E4D700DEA1F6 /* SPBadge.swift */ = {isa = PBXFileReference; fileEncoding = 4; lastKnownFileType = sourcecode.swift; path = SPBadge.swift; sourceTree = "<group>"; };
		0CCA29391DC6E9D800DEA1F6 /* SPButtonBarItem.swift */ = {isa = PBXFileReference; fileEncoding = 4; lastKnownFileType = sourcecode.swift; path = SPButtonBarItem.swift; sourceTree = "<group>"; };
		0CCA293A1DC6E9D800DEA1F6 /* SPContainterView.swift */ = {isa = PBXFileReference; fileEncoding = 4; lastKnownFileType = sourcecode.swift; path = SPContainterView.swift; sourceTree = "<group>"; };
		0CCA293B1DC6E9D800DEA1F6 /* SPImageView.swift */ = {isa = PBXFileReference; fileEncoding = 4; lastKnownFileType = sourcecode.swift; path = SPImageView.swift; sourceTree = "<group>"; };
		0CCA293C1DC6E9D800DEA1F6 /* SPNavigationBar.swift */ = {isa = PBXFileReference; fileEncoding = 4; lastKnownFileType = sourcecode.swift; path = SPNavigationBar.swift; sourceTree = "<group>"; };
		0CCA293D1DC6E9D800DEA1F6 /* SPToolbar.swift */ = {isa = PBXFileReference; fileEncoding = 4; lastKnownFileType = sourcecode.swift; path = SPToolbar.swift; sourceTree = "<group>"; };
		0CCA293E1DC6E9D800DEA1F6 /* SPWKObject.swift */ = {isa = PBXFileReference; fileEncoding = 4; lastKnownFileType = sourcecode.swift; path = SPWKObject.swift; sourceTree = "<group>"; };
		0CCA294E1DC6F15A00DEA1F6 /* NSLayoutConstraint+Photos.swift */ = {isa = PBXFileReference; fileEncoding = 4; lastKnownFileType = sourcecode.swift; path = "NSLayoutConstraint+Photos.swift"; sourceTree = "<group>"; };
		0CCA29811DC6F84D00DEA1F6 /* SAPhotos.framework */ = {isa = PBXFileReference; explicitFileType = wrapper.framework; includeInIndex = 0; path = SAPhotos.framework; sourceTree = BUILT_PRODUCTS_DIR; };
		0CCA298E1DC6F8C200DEA1F6 /* Info-Dev.plist */ = {isa = PBXFileReference; fileEncoding = 4; lastKnownFileType = text.plist.xml; path = "Info-Dev.plist"; sourceTree = "<group>"; };
		0CCA298F1DC6F8C200DEA1F6 /* Info-Framework.plist */ = {isa = PBXFileReference; fileEncoding = 4; lastKnownFileType = text.plist.xml; path = "Info-Framework.plist"; sourceTree = "<group>"; };
		0CCA29921DC6F90B00DEA1F6 /* README.md */ = {isa = PBXFileReference; fileEncoding = 4; lastKnownFileType = net.daringfireball.markdown; path = README.md; sourceTree = "<group>"; };
		0CCA29941DC6F91000DEA1F6 /* SAPhotos.h */ = {isa = PBXFileReference; fileEncoding = 4; lastKnownFileType = sourcecode.c.h; path = SAPhotos.h; sourceTree = "<group>"; };
/* End PBXFileReference section */

/* Begin PBXFrameworksBuildPhase section */
		0C6014B61DC3934E00C785FD /* Frameworks */ = {
			isa = PBXFrameworksBuildPhase;
			buildActionMask = 2147483647;
			files = (
				0C6C23511DC6FC6C003A0B0C /* SAMedia.framework in Frameworks */,
			);
			runOnlyForDeploymentPostprocessing = 0;
		};
		0CCA297D1DC6F84D00DEA1F6 /* Frameworks */ = {
			isa = PBXFrameworksBuildPhase;
			buildActionMask = 2147483647;
			files = (
				0C6C23541DC6FD04003A0B0C /* SAMedia.framework in Frameworks */,
			);
			runOnlyForDeploymentPostprocessing = 0;
		};
/* End PBXFrameworksBuildPhase section */

/* Begin PBXGroup section */
		0C6014B01DC3934E00C785FD = {
			isa = PBXGroup;
			children = (
				0C60153D1DC394D400C785FD /* Logger */,
				0C6014E61DC394C800C785FD /* Photos */,
				0C6014BB1DC3934E00C785FD /* Supporting Files */,
				0C6C23531DC6FCF1003A0B0C /* Frameworks */,
				0C6014BA1DC3934E00C785FD /* Products */,
			);
			sourceTree = "<group>";
		};
		0C6014BA1DC3934E00C785FD /* Products */ = {
			isa = PBXGroup;
			children = (
				0C6014B91DC3934E00C785FD /* SAPhotos-Dev.app */,
				0CCA29811DC6F84D00DEA1F6 /* SAPhotos.framework */,
			);
			name = Products;
			sourceTree = "<group>";
		};
		0C6014BB1DC3934E00C785FD /* Supporting Files */ = {
			isa = PBXGroup;
			children = (
				0CCA29941DC6F91000DEA1F6 /* SAPhotos.h */,
				0CCA298E1DC6F8C200DEA1F6 /* Info-Dev.plist */,
				0CCA298F1DC6F8C200DEA1F6 /* Info-Framework.plist */,
				0C6014BC1DC3934E00C785FD /* AppDelegate.swift */,
				0C6014BE1DC3934E00C785FD /* ViewController.swift */,
				0C6014C01DC3934E00C785FD /* Main.storyboard */,
				0C6014C31DC3934E00C785FD /* Assets.xcassets */,
				0C6014C51DC3934E00C785FD /* LaunchScreen.storyboard */,
				0CCA29921DC6F90B00DEA1F6 /* README.md */,
			);
			name = "Supporting Files";
			path = SAPhotos;
			sourceTree = "<group>";
		};
		0C6014E61DC394C800C785FD /* Photos */ = {
			isa = PBXGroup;
			children = (
				0CCA294D1DC6F09700DEA1F6 /* Model */,
				0CCA29381DC6E9D800DEA1F6 /* Internal */,
				0C60150D1DC394C800C785FD /* SPSelectionable.swift */,
				0C6015051DC394C800C785FD /* SPPreviewable.swift */,
				0C6015061DC394C800C785FD /* SPPreviewableAnimator.swift */,
				0C6015071DC394C800C785FD /* SPPreviewableView.swift */,
				0C6015081DC394C800C785FD /* SPProgressiveable.swift */,
				0C6015091DC394C800C785FD /* SPProgressiveableImage.swift */,
				0C6015101DC394C800C785FD /* SPAssetView.swift */,
				0CCA29261DC6E4D700DEA1F6 /* SPBadge.swift */,
				0C6014EA1DC394C800C785FD /* SPBadgeView.swift */,
				0C6014EC1DC394C800C785FD /* SPBrowser.swift */,
				0C6014ED1DC394C800C785FD /* SPBrowserAudioView.swift */,
				0C6014EE1DC394C800C785FD /* SPBrowserImageView.swift */,
				0C6014EF1DC394C800C785FD /* SPBrowserVideoView.swift */,
				0C6014F01DC394C800C785FD /* SPBrowserView.swift */,
				0C6014F21DC394C800C785FD /* SPEditor.swift */,
				0C6014F31DC394C800C785FD /* SPErrorView.swift */,
				0C6014F81DC394C800C785FD /* SPPicker.swift */,
				0C6014F91DC394C800C785FD /* SPPickerAlbums.swift */,
				0C6014FA1DC394C800C785FD /* SPPickerAlbumsCell.swift */,
				0C6014E91DC394C800C785FD /* SPPickerAlbumsStackView.swift */,
				0C6014FB1DC394C800C785FD /* SPPickerAssets.swift */,
				0C6014FC1DC394C800C785FD /* SPPickerAssetsCell.swift */,
				0C6014FD1DC394C800C785FD /* SPPickerAssetsFooter.swift */,
				0C6014FE1DC394C800C785FD /* SPPickerAssetsLayout.swift */,
				0C6014FF1DC394C800C785FD /* SPPickerInternal.swift */,
				0C60150A1DC394C800C785FD /* SPPickerView.swift */,
				0C60150B1DC394C800C785FD /* SPPickerViewCell.swift */,
				0C60150C1DC394C800C785FD /* SPPickerViewLayout.swift */,
				0C6015001DC394C800C785FD /* SPPreviewer.swift */,
				0C6015011DC394C800C785FD /* SPPreviewerCell.swift */,
				0C6015021DC394C800C785FD /* SPPreviewerImageCell.swift */,
				0C6015041DC394C800C785FD /* SPPreviewerLayout.swift */,
				0C6015031DC394C800C785FD /* SPPreviewerVideoCell.swift */,
			);
			name = Photos;
			path = ../SIMChat/Librarys/Photos;
			sourceTree = "<group>";
		};
		0C60153D1DC394D400C785FD /* Logger */ = {
			isa = PBXGroup;
			children = (
				0C60153E1DC394D400C785FD /* Logger.swift */,
			);
			name = Logger;
			path = ../SIMChat/Librarys/Logger;
			sourceTree = "<group>";
		};
		0C6C23531DC6FCF1003A0B0C /* Frameworks */ = {
			isa = PBXGroup;
			children = (
				0C6C23501DC6FC6C003A0B0C /* SAMedia.framework */,
			);
			name = Frameworks;
			sourceTree = "<group>";
		};
		0CCA29381DC6E9D800DEA1F6 /* Internal */ = {
			isa = PBXGroup;
			children = (
				0CCA29391DC6E9D800DEA1F6 /* SPButtonBarItem.swift */,
				0CCA293B1DC6E9D800DEA1F6 /* SPImageView.swift */,
				0CCA293A1DC6E9D800DEA1F6 /* SPContainterView.swift */,
				0CCA293D1DC6E9D800DEA1F6 /* SPToolbar.swift */,
				0CCA293C1DC6E9D800DEA1F6 /* SPNavigationBar.swift */,
				0CCA293E1DC6E9D800DEA1F6 /* SPWKObject.swift */,
				0CCA294E1DC6F15A00DEA1F6 /* NSLayoutConstraint+Photos.swift */,
			);
			path = Internal;
			sourceTree = "<group>";
		};
		0CCA294D1DC6F09700DEA1F6 /* Model */ = {
			isa = PBXGroup;
			children = (
				0CCA29241DC6E3AE00DEA1F6 /* SPAsset.swift */,
				0C6014E81DC394C800C785FD /* SPAlbum.swift */,
				0C6014F61DC394C800C785FD /* SPLibrary.swift */,
			);
			name = Model;
			sourceTree = "<group>";
		};
/* End PBXGroup section */

/* Begin PBXHeadersBuildPhase section */
		0CCA297E1DC6F84D00DEA1F6 /* Headers */ = {
			isa = PBXHeadersBuildPhase;
			buildActionMask = 2147483647;
			files = (
				0CCA29951DC6F91000DEA1F6 /* SAPhotos.h in Headers */,
			);
			runOnlyForDeploymentPostprocessing = 0;
		};
/* End PBXHeadersBuildPhase section */

/* Begin PBXNativeTarget section */
		0C6014B81DC3934E00C785FD /* SAPhotos-Dev */ = {
			isa = PBXNativeTarget;
			buildConfigurationList = 0C6014CB1DC3934E00C785FD /* Build configuration list for PBXNativeTarget "SAPhotos-Dev" */;
			buildPhases = (
				0C6014B51DC3934E00C785FD /* Sources */,
				0C6014B61DC3934E00C785FD /* Frameworks */,
				0C6014B71DC3934E00C785FD /* Resources */,
				0C6C234A1DC6FB04003A0B0C /* Embed Frameworks */,
			);
			buildRules = (
			);
			dependencies = (
			);
			name = "SAPhotos-Dev";
			productName = SAPhotos;
			productReference = 0C6014B91DC3934E00C785FD /* SAPhotos-Dev.app */;
			productType = "com.apple.product-type.application";
		};
		0CCA29801DC6F84D00DEA1F6 /* SAPhotos */ = {
			isa = PBXNativeTarget;
			buildConfigurationList = 0CCA298A1DC6F84D00DEA1F6 /* Build configuration list for PBXNativeTarget "SAPhotos" */;
			buildPhases = (
				0CCA297C1DC6F84D00DEA1F6 /* Sources */,
				0CCA297D1DC6F84D00DEA1F6 /* Frameworks */,
				0CCA297E1DC6F84D00DEA1F6 /* Headers */,
				0CCA297F1DC6F84D00DEA1F6 /* Resources */,
			);
			buildRules = (
			);
			dependencies = (
			);
			name = SAPhotos;
			productName = SAPhotos;
			productReference = 0CCA29811DC6F84D00DEA1F6 /* SAPhotos.framework */;
			productType = "com.apple.product-type.framework";
		};
/* End PBXNativeTarget section */

/* Begin PBXProject section */
		0C6014B11DC3934E00C785FD /* Project object */ = {
			isa = PBXProject;
			attributes = {
				CLASSPREFIX = SP;
				LastSwiftUpdateCheck = 0810;
				LastUpgradeCheck = 0810;
				ORGANIZATIONNAME = sagesse;
				TargetAttributes = {
					0C6014B81DC3934E00C785FD = {
						CreatedOnToolsVersion = 8.1;
						DevelopmentTeam = FN2B5W3WWQ;
						ProvisioningStyle = Automatic;
					};
					0CCA29801DC6F84D00DEA1F6 = {
						CreatedOnToolsVersion = 8.0;
						DevelopmentTeam = FN2B5W3WWQ;
						ProvisioningStyle = Automatic;
					};
				};
			};
			buildConfigurationList = 0C6014B41DC3934E00C785FD /* Build configuration list for PBXProject "SAPhotos" */;
			compatibilityVersion = "Xcode 3.2";
			developmentRegion = English;
			hasScannedForEncodings = 0;
			knownRegions = (
				en,
				Base,
			);
			mainGroup = 0C6014B01DC3934E00C785FD;
			productRefGroup = 0C6014BA1DC3934E00C785FD /* Products */;
			projectDirPath = "";
			projectRoot = "";
			targets = (
				0CCA29801DC6F84D00DEA1F6 /* SAPhotos */,
				0C6014B81DC3934E00C785FD /* SAPhotos-Dev */,
			);
		};
/* End PBXProject section */

/* Begin PBXResourcesBuildPhase section */
		0C6014B71DC3934E00C785FD /* Resources */ = {
			isa = PBXResourcesBuildPhase;
			buildActionMask = 2147483647;
			files = (
				0C6014C71DC3934E00C785FD /* LaunchScreen.storyboard in Resources */,
				0C6014C41DC3934E00C785FD /* Assets.xcassets in Resources */,
				0C6014C21DC3934E00C785FD /* Main.storyboard in Resources */,
			);
			runOnlyForDeploymentPostprocessing = 0;
		};
		0CCA297F1DC6F84D00DEA1F6 /* Resources */ = {
			isa = PBXResourcesBuildPhase;
			buildActionMask = 2147483647;
			files = (
			);
			runOnlyForDeploymentPostprocessing = 0;
		};
/* End PBXResourcesBuildPhase section */

/* Begin PBXSourcesBuildPhase section */
		0C6014B51DC3934E00C785FD /* Sources */ = {
			isa = PBXSourcesBuildPhase;
			buildActionMask = 2147483647;
			files = (
				0C60151B1DC394C800C785FD /* SPBrowserView.swift in Sources */,
				0CCA29441DC6E9D800DEA1F6 /* SPWKObject.swift in Sources */,
				0C6015331DC394C800C785FD /* SPProgressiveable.swift in Sources */,
				0C6015311DC394C800C785FD /* SPPreviewableAnimator.swift in Sources */,
				0C6015251DC394C800C785FD /* SPPickerAlbumsCell.swift in Sources */,
				0C6015361DC394C800C785FD /* SPPickerViewCell.swift in Sources */,
				0C6015171DC394C800C785FD /* SPBrowser.swift in Sources */,
				0C6015371DC394C800C785FD /* SPPickerViewLayout.swift in Sources */,
				0C6015141DC394C800C785FD /* SPPickerAlbumsStackView.swift in Sources */,
				0C60153F1DC394D400C785FD /* Logger.swift in Sources */,
				0C60151A1DC394C800C785FD /* SPBrowserVideoView.swift in Sources */,
				0C6015341DC394C800C785FD /* SPProgressiveableImage.swift in Sources */,
				0C6015321DC394C800C785FD /* SPPreviewableView.swift in Sources */,
				0C60151E1DC394C800C785FD /* SPErrorView.swift in Sources */,
				0C60152E1DC394C800C785FD /* SPPreviewerVideoCell.swift in Sources */,
				0CCA29401DC6E9D800DEA1F6 /* SPContainterView.swift in Sources */,
				0C6015131DC394C800C785FD /* SPAlbum.swift in Sources */,
				0C6015211DC394C800C785FD /* SPLibrary.swift in Sources */,
				0C6015261DC394C800C785FD /* SPPickerAssets.swift in Sources */,
				0C6014BF1DC3934E00C785FD /* ViewController.swift in Sources */,
				0C6015231DC394C800C785FD /* SPPicker.swift in Sources */,
				0C60152D1DC394C800C785FD /* SPPreviewerImageCell.swift in Sources */,
				0C6015181DC394C800C785FD /* SPBrowserAudioView.swift in Sources */,
				0CCA294F1DC6F15A00DEA1F6 /* NSLayoutConstraint+Photos.swift in Sources */,
				0C60151D1DC394C800C785FD /* SPEditor.swift in Sources */,
				0C6015191DC394C800C785FD /* SPBrowserImageView.swift in Sources */,
				0C6015291DC394C800C785FD /* SPPickerAssetsLayout.swift in Sources */,
				0C60152B1DC394C800C785FD /* SPPreviewer.swift in Sources */,
				0C60153B1DC394C800C785FD /* SPAssetView.swift in Sources */,
				0CCA29411DC6E9D800DEA1F6 /* SPImageView.swift in Sources */,
				0CCA29421DC6E9D800DEA1F6 /* SPNavigationBar.swift in Sources */,
				0C6015281DC394C800C785FD /* SPPickerAssetsFooter.swift in Sources */,
				0C6015151DC394C800C785FD /* SPBadgeView.swift in Sources */,
				0C6015271DC394C800C785FD /* SPPickerAssetsCell.swift in Sources */,
				0C6015241DC394C800C785FD /* SPPickerAlbums.swift in Sources */,
				0C6015301DC394C800C785FD /* SPPreviewable.swift in Sources */,
				0C60152F1DC394C800C785FD /* SPPreviewerLayout.swift in Sources */,
				0CCA29431DC6E9D800DEA1F6 /* SPToolbar.swift in Sources */,
				0CCA29251DC6E3AE00DEA1F6 /* SPAsset.swift in Sources */,
				0C60152A1DC394C800C785FD /* SPPickerInternal.swift in Sources */,
				0CCA29271DC6E4D700DEA1F6 /* SPBadge.swift in Sources */,
				0C6014BD1DC3934E00C785FD /* AppDelegate.swift in Sources */,
				0C6015381DC394C800C785FD /* SPSelectionable.swift in Sources */,
				0C60152C1DC394C800C785FD /* SPPreviewerCell.swift in Sources */,
				0C6015351DC394C800C785FD /* SPPickerView.swift in Sources */,
				0CCA293F1DC6E9D800DEA1F6 /* SPButtonBarItem.swift in Sources */,
			);
			runOnlyForDeploymentPostprocessing = 0;
		};
		0CCA297C1DC6F84D00DEA1F6 /* Sources */ = {
			isa = PBXSourcesBuildPhase;
			buildActionMask = 2147483647;
			files = (
				0C6C232F1DC6FAAF003A0B0C /* SPErrorView.swift in Sources */,
				0C6C23251DC6FAAF003A0B0C /* SPProgressiveableImage.swift in Sources */,
				0C6C235B1DC6FD54003A0B0C /* NSLayoutConstraint+Photos.swift in Sources */,
				0C6C23281DC6FAAF003A0B0C /* SPBadgeView.swift in Sources */,
				0C6C23261DC6FAAF003A0B0C /* SPAssetView.swift in Sources */,
				0C6C23361DC6FAAF003A0B0C /* SPPickerAssetsFooter.swift in Sources */,
				0C6C231C1DC6FAAF003A0B0C /* Logger.swift in Sources */,
				0C6C23201DC6FAAF003A0B0C /* SPSelectionable.swift in Sources */,
				0C6C233E1DC6FAAF003A0B0C /* SPPreviewerImageCell.swift in Sources */,
				0C6C233A1DC6FAAF003A0B0C /* SPPickerViewCell.swift in Sources */,
				0C6C23551DC6FD54003A0B0C /* SPButtonBarItem.swift in Sources */,
				0C6C231D1DC6FAAF003A0B0C /* SPAsset.swift in Sources */,
				0C6C23341DC6FAAF003A0B0C /* SPPickerAssets.swift in Sources */,
				0C6C233C1DC6FAAF003A0B0C /* SPPreviewer.swift in Sources */,
				0C6C23321DC6FAAF003A0B0C /* SPPickerAlbumsCell.swift in Sources */,
				0C6C23571DC6FD54003A0B0C /* SPContainterView.swift in Sources */,
				0C6C231F1DC6FAAF003A0B0C /* SPLibrary.swift in Sources */,
				0C6C232C1DC6FAAF003A0B0C /* SPBrowserVideoView.swift in Sources */,
				0C6C233B1DC6FAAF003A0B0C /* SPPickerViewLayout.swift in Sources */,
				0C6C23271DC6FAAF003A0B0C /* SPBadge.swift in Sources */,
				0C6C232B1DC6FAAF003A0B0C /* SPBrowserImageView.swift in Sources */,
				0C6C23381DC6FAAF003A0B0C /* SPPickerInternal.swift in Sources */,
				0C6C231E1DC6FAAF003A0B0C /* SPAlbum.swift in Sources */,
				0C6C23221DC6FAAF003A0B0C /* SPPreviewableAnimator.swift in Sources */,
				0C6C23401DC6FAAF003A0B0C /* SPPreviewerVideoCell.swift in Sources */,
				0C6C23331DC6FAAF003A0B0C /* SPPickerAlbumsStackView.swift in Sources */,
				0C6C232E1DC6FAAF003A0B0C /* SPEditor.swift in Sources */,
				0C6C23351DC6FAAF003A0B0C /* SPPickerAssetsCell.swift in Sources */,
				0C6C23241DC6FAAF003A0B0C /* SPProgressiveable.swift in Sources */,
				0C6C235A1DC6FD54003A0B0C /* SPWKObject.swift in Sources */,
				0C6C23591DC6FD54003A0B0C /* SPNavigationBar.swift in Sources */,
				0C6C233D1DC6FAAF003A0B0C /* SPPreviewerCell.swift in Sources */,
				0C6C23561DC6FD54003A0B0C /* SPImageView.swift in Sources */,
				0C6C23291DC6FAAF003A0B0C /* SPBrowser.swift in Sources */,
				0C6C23311DC6FAAF003A0B0C /* SPPickerAlbums.swift in Sources */,
				0C6C233F1DC6FAAF003A0B0C /* SPPreviewerLayout.swift in Sources */,
				0C6C232D1DC6FAAF003A0B0C /* SPBrowserView.swift in Sources */,
				0C6C23231DC6FAAF003A0B0C /* SPPreviewableView.swift in Sources */,
				0C6C232A1DC6FAAF003A0B0C /* SPBrowserAudioView.swift in Sources */,
				0C6C23211DC6FAAF003A0B0C /* SPPreviewable.swift in Sources */,
				0C6C23301DC6FAAF003A0B0C /* SPPicker.swift in Sources */,
				0C6C23371DC6FAAF003A0B0C /* SPPickerAssetsLayout.swift in Sources */,
				0C6C23581DC6FD54003A0B0C /* SPToolbar.swift in Sources */,
				0C6C23391DC6FAAF003A0B0C /* SPPickerView.swift in Sources */,
			);
			runOnlyForDeploymentPostprocessing = 0;
		};
/* End PBXSourcesBuildPhase section */

/* Begin PBXVariantGroup section */
		0C6014C01DC3934E00C785FD /* Main.storyboard */ = {
			isa = PBXVariantGroup;
			children = (
				0C6014C11DC3934E00C785FD /* Base */,
			);
			name = Main.storyboard;
			sourceTree = "<group>";
		};
		0C6014C51DC3934E00C785FD /* LaunchScreen.storyboard */ = {
			isa = PBXVariantGroup;
			children = (
				0C6014C61DC3934E00C785FD /* Base */,
			);
			name = LaunchScreen.storyboard;
			sourceTree = "<group>";
		};
/* End PBXVariantGroup section */

/* Begin XCBuildConfiguration section */
		0C6014C91DC3934E00C785FD /* Debug */ = {
			isa = XCBuildConfiguration;
			buildSettings = {
				ALWAYS_SEARCH_USER_PATHS = NO;
				CLANG_ANALYZER_NONNULL = YES;
				CLANG_CXX_LANGUAGE_STANDARD = "gnu++0x";
				CLANG_CXX_LIBRARY = "libc++";
				CLANG_ENABLE_MODULES = YES;
				CLANG_ENABLE_OBJC_ARC = YES;
				CLANG_WARN_BOOL_CONVERSION = YES;
				CLANG_WARN_CONSTANT_CONVERSION = YES;
				CLANG_WARN_DIRECT_OBJC_ISA_USAGE = YES_ERROR;
				CLANG_WARN_DOCUMENTATION_COMMENTS = YES;
				CLANG_WARN_EMPTY_BODY = YES;
				CLANG_WARN_ENUM_CONVERSION = YES;
				CLANG_WARN_INFINITE_RECURSION = YES;
				CLANG_WARN_INT_CONVERSION = YES;
				CLANG_WARN_OBJC_ROOT_CLASS = YES_ERROR;
				CLANG_WARN_SUSPICIOUS_MOVES = YES;
				CLANG_WARN_UNREACHABLE_CODE = YES;
				CLANG_WARN__DUPLICATE_METHOD_MATCH = YES;
				"CODE_SIGN_IDENTITY[sdk=iphoneos*]" = "iPhone Developer";
				COPY_PHASE_STRIP = NO;
				DEBUG_INFORMATION_FORMAT = dwarf;
				ENABLE_STRICT_OBJC_MSGSEND = YES;
				ENABLE_TESTABILITY = YES;
				GCC_C_LANGUAGE_STANDARD = gnu99;
				GCC_DYNAMIC_NO_PIC = NO;
				GCC_NO_COMMON_BLOCKS = YES;
				GCC_OPTIMIZATION_LEVEL = 0;
				GCC_PREPROCESSOR_DEFINITIONS = (
					"DEBUG=1",
					"$(inherited)",
				);
				GCC_WARN_64_TO_32_BIT_CONVERSION = YES;
				GCC_WARN_ABOUT_RETURN_TYPE = YES_ERROR;
				GCC_WARN_UNDECLARED_SELECTOR = YES;
				GCC_WARN_UNINITIALIZED_AUTOS = YES_AGGRESSIVE;
				GCC_WARN_UNUSED_FUNCTION = YES;
				GCC_WARN_UNUSED_VARIABLE = YES;
				IPHONEOS_DEPLOYMENT_TARGET = 8.0;
				MTL_ENABLE_DEBUG_INFO = YES;
				ONLY_ACTIVE_ARCH = YES;
				SDKROOT = iphoneos;
				SWIFT_ACTIVE_COMPILATION_CONDITIONS = DEBUG;
				SWIFT_OPTIMIZATION_LEVEL = "-Onone";
			};
			name = Debug;
		};
		0C6014CA1DC3934E00C785FD /* Release */ = {
			isa = XCBuildConfiguration;
			buildSettings = {
				ALWAYS_SEARCH_USER_PATHS = NO;
				CLANG_ANALYZER_NONNULL = YES;
				CLANG_CXX_LANGUAGE_STANDARD = "gnu++0x";
				CLANG_CXX_LIBRARY = "libc++";
				CLANG_ENABLE_MODULES = YES;
				CLANG_ENABLE_OBJC_ARC = YES;
				CLANG_WARN_BOOL_CONVERSION = YES;
				CLANG_WARN_CONSTANT_CONVERSION = YES;
				CLANG_WARN_DIRECT_OBJC_ISA_USAGE = YES_ERROR;
				CLANG_WARN_DOCUMENTATION_COMMENTS = YES;
				CLANG_WARN_EMPTY_BODY = YES;
				CLANG_WARN_ENUM_CONVERSION = YES;
				CLANG_WARN_INFINITE_RECURSION = YES;
				CLANG_WARN_INT_CONVERSION = YES;
				CLANG_WARN_OBJC_ROOT_CLASS = YES_ERROR;
				CLANG_WARN_SUSPICIOUS_MOVES = YES;
				CLANG_WARN_UNREACHABLE_CODE = YES;
				CLANG_WARN__DUPLICATE_METHOD_MATCH = YES;
				"CODE_SIGN_IDENTITY[sdk=iphoneos*]" = "iPhone Developer";
				COPY_PHASE_STRIP = NO;
				DEBUG_INFORMATION_FORMAT = "dwarf-with-dsym";
				ENABLE_NS_ASSERTIONS = NO;
				ENABLE_STRICT_OBJC_MSGSEND = YES;
				GCC_C_LANGUAGE_STANDARD = gnu99;
				GCC_NO_COMMON_BLOCKS = YES;
				GCC_WARN_64_TO_32_BIT_CONVERSION = YES;
				GCC_WARN_ABOUT_RETURN_TYPE = YES_ERROR;
				GCC_WARN_UNDECLARED_SELECTOR = YES;
				GCC_WARN_UNINITIALIZED_AUTOS = YES_AGGRESSIVE;
				GCC_WARN_UNUSED_FUNCTION = YES;
				GCC_WARN_UNUSED_VARIABLE = YES;
				IPHONEOS_DEPLOYMENT_TARGET = 8.0;
				MTL_ENABLE_DEBUG_INFO = NO;
				SDKROOT = iphoneos;
				SWIFT_OPTIMIZATION_LEVEL = "-Owholemodule";
				VALIDATE_PRODUCT = YES;
			};
			name = Release;
		};
		0C6014CC1DC3934E00C785FD /* Debug */ = {
			isa = XCBuildConfiguration;
			buildSettings = {
				ASSETCATALOG_COMPILER_APPICON_NAME = AppIcon;
				DEVELOPMENT_TEAM = FN2B5W3WWQ;
				INFOPLIST_FILE = "$(SRCROOT)/SAPhotos/Info-Dev.plist";
				LD_RUNPATH_SEARCH_PATHS = "$(inherited) @executable_path/Frameworks";
				PRODUCT_BUNDLE_IDENTIFIER = SA.SAPhotos;
				PRODUCT_NAME = "$(TARGET_NAME)";
				SWIFT_VERSION = 3.0;
			};
			name = Debug;
		};
		0C6014CD1DC3934E00C785FD /* Release */ = {
			isa = XCBuildConfiguration;
			buildSettings = {
				ASSETCATALOG_COMPILER_APPICON_NAME = AppIcon;
				DEVELOPMENT_TEAM = FN2B5W3WWQ;
				INFOPLIST_FILE = "$(SRCROOT)/SAPhotos/Info-Dev.plist";
				LD_RUNPATH_SEARCH_PATHS = "$(inherited) @executable_path/Frameworks";
				PRODUCT_BUNDLE_IDENTIFIER = SA.SAPhotos;
				PRODUCT_NAME = "$(TARGET_NAME)";
				SWIFT_VERSION = 3.0;
			};
			name = Release;
		};
		0CCA298B1DC6F84D00DEA1F6 /* Debug */ = {
			isa = XCBuildConfiguration;
			buildSettings = {
				CODE_SIGN_IDENTITY = "";
				CURRENT_PROJECT_VERSION = 1;
				DEFINES_MODULE = YES;
				DEVELOPMENT_TEAM = FN2B5W3WWQ;
				DYLIB_COMPATIBILITY_VERSION = 1;
				DYLIB_CURRENT_VERSION = 1;
				DYLIB_INSTALL_NAME_BASE = "@rpath";
				INFOPLIST_FILE = "$(SRCROOT)/SAPhotos/Info-Framework.plist";
				INSTALL_PATH = "$(LOCAL_LIBRARY_DIR)/Frameworks";
				IPHONEOS_DEPLOYMENT_TARGET = 8.0;
				LD_RUNPATH_SEARCH_PATHS = "$(inherited) @executable_path/Frameworks @loader_path/Frameworks";
				PRODUCT_BUNDLE_IDENTIFIER = SA.SAPhotos;
				PRODUCT_NAME = "$(TARGET_NAME)";
				SKIP_INSTALL = YES;
				SWIFT_VERSION = 3.0;
				TARGETED_DEVICE_FAMILY = "1,2";
				VERSIONING_SYSTEM = "apple-generic";
				VERSION_INFO_PREFIX = "";
			};
			name = Debug;
		};
		0CCA298C1DC6F84D00DEA1F6 /* Release */ = {
			isa = XCBuildConfiguration;
			buildSettings = {
				CODE_SIGN_IDENTITY = "";
				CURRENT_PROJECT_VERSION = 1;
				DEFINES_MODULE = YES;
				DEVELOPMENT_TEAM = FN2B5W3WWQ;
				DYLIB_COMPATIBILITY_VERSION = 1;
				DYLIB_CURRENT_VERSION = 1;
				DYLIB_INSTALL_NAME_BASE = "@rpath";
				INFOPLIST_FILE = "$(SRCROOT)/SAPhotos/Info-Framework.plist";
				INSTALL_PATH = "$(LOCAL_LIBRARY_DIR)/Frameworks";
				IPHONEOS_DEPLOYMENT_TARGET = 8.0;
				LD_RUNPATH_SEARCH_PATHS = "$(inherited) @executable_path/Frameworks @loader_path/Frameworks";
				PRODUCT_BUNDLE_IDENTIFIER = SA.SAPhotos;
				PRODUCT_NAME = "$(TARGET_NAME)";
				SKIP_INSTALL = YES;
				SWIFT_VERSION = 3.0;
				TARGETED_DEVICE_FAMILY = "1,2";
				VERSIONING_SYSTEM = "apple-generic";
				VERSION_INFO_PREFIX = "";
			};
			name = Release;
		};
/* End XCBuildConfiguration section */

/* Begin XCConfigurationList section */
		0C6014B41DC3934E00C785FD /* Build configuration list for PBXProject "SAPhotos" */ = {
			isa = XCConfigurationList;
			buildConfigurations = (
				0C6014C91DC3934E00C785FD /* Debug */,
				0C6014CA1DC3934E00C785FD /* Release */,
			);
			defaultConfigurationIsVisible = 0;
			defaultConfigurationName = Release;
		};
		0C6014CB1DC3934E00C785FD /* Build configuration list for PBXNativeTarget "SAPhotos-Dev" */ = {
			isa = XCConfigurationList;
			buildConfigurations = (
				0C6014CC1DC3934E00C785FD /* Debug */,
				0C6014CD1DC3934E00C785FD /* Release */,
			);
			defaultConfigurationIsVisible = 0;
			defaultConfigurationName = Release;
		};
		0CCA298A1DC6F84D00DEA1F6 /* Build configuration list for PBXNativeTarget "SAPhotos" */ = {
			isa = XCConfigurationList;
			buildConfigurations = (
				0CCA298B1DC6F84D00DEA1F6 /* Debug */,
				0CCA298C1DC6F84D00DEA1F6 /* Release */,
			);
			defaultConfigurationIsVisible = 0;
			defaultConfigurationName = Release;
		};
/* End XCConfigurationList section */
	};
	rootObject = 0C6014B11DC3934E00C785FD /* Project object */;
}
