// !$*UTF8*$!
{
	archiveVersion = 1;
	classes = {
	};
	objectVersion = 46;
	objects = {

/* Begin PBXBuildFile section */
		0C6014BD1DC3934E00C785FD /* AppDelegate.swift in Sources */ = {isa = PBXBuildFile; fileRef = 0C6014BC1DC3934E00C785FD /* AppDelegate.swift */; };
		0C6014BF1DC3934E00C785FD /* ViewController.swift in Sources */ = {isa = PBXBuildFile; fileRef = 0C6014BE1DC3934E00C785FD /* ViewController.swift */; };
		0C6014C21DC3934E00C785FD /* Main.storyboard in Resources */ = {isa = PBXBuildFile; fileRef = 0C6014C01DC3934E00C785FD /* Main.storyboard */; };
		0C6014C41DC3934E00C785FD /* Assets.xcassets in Resources */ = {isa = PBXBuildFile; fileRef = 0C6014C31DC3934E00C785FD /* Assets.xcassets */; };
		0C6014C71DC3934E00C785FD /* LaunchScreen.storyboard in Resources */ = {isa = PBXBuildFile; fileRef = 0C6014C51DC3934E00C785FD /* LaunchScreen.storyboard */; };
		0C6015121DC394C800C785FD /* SAPhoto.swift in Sources */ = {isa = PBXBuildFile; fileRef = 0C6014E71DC394C800C785FD /* SAPhoto.swift */; };
		0C6015131DC394C800C785FD /* SAPhotoAlbum.swift in Sources */ = {isa = PBXBuildFile; fileRef = 0C6014E81DC394C800C785FD /* SAPhotoAlbum.swift */; };
		0C6015141DC394C800C785FD /* SAPhotoAlbumStackView.swift in Sources */ = {isa = PBXBuildFile; fileRef = 0C6014E91DC394C800C785FD /* SAPhotoAlbumStackView.swift */; };
		0C6015151DC394C800C785FD /* SAPhotoBadgeView.swift in Sources */ = {isa = PBXBuildFile; fileRef = 0C6014EA1DC394C800C785FD /* SAPhotoBadgeView.swift */; };
		0C6015161DC394C800C785FD /* SAPhotoBarItem.swift in Sources */ = {isa = PBXBuildFile; fileRef = 0C6014EB1DC394C800C785FD /* SAPhotoBarItem.swift */; };
		0C6015171DC394C800C785FD /* SAPhotoBrowser.swift in Sources */ = {isa = PBXBuildFile; fileRef = 0C6014EC1DC394C800C785FD /* SAPhotoBrowser.swift */; };
		0C6015181DC394C800C785FD /* SAPhotoBrowserAudioView.swift in Sources */ = {isa = PBXBuildFile; fileRef = 0C6014ED1DC394C800C785FD /* SAPhotoBrowserAudioView.swift */; };
		0C6015191DC394C800C785FD /* SAPhotoBrowserImageView.swift in Sources */ = {isa = PBXBuildFile; fileRef = 0C6014EE1DC394C800C785FD /* SAPhotoBrowserImageView.swift */; };
		0C60151A1DC394C800C785FD /* SAPhotoBrowserVideoView.swift in Sources */ = {isa = PBXBuildFile; fileRef = 0C6014EF1DC394C800C785FD /* SAPhotoBrowserVideoView.swift */; };
		0C60151B1DC394C800C785FD /* SAPhotoBrowserView.swift in Sources */ = {isa = PBXBuildFile; fileRef = 0C6014F01DC394C800C785FD /* SAPhotoBrowserView.swift */; };
		0C60151C1DC394C800C785FD /* SAPhotoContainterView.swift in Sources */ = {isa = PBXBuildFile; fileRef = 0C6014F11DC394C800C785FD /* SAPhotoContainterView.swift */; };
		0C60151D1DC394C800C785FD /* SAPhotoEditor.swift in Sources */ = {isa = PBXBuildFile; fileRef = 0C6014F21DC394C800C785FD /* SAPhotoEditor.swift */; };
		0C60151E1DC394C800C785FD /* SAPhotoErrorView.swift in Sources */ = {isa = PBXBuildFile; fileRef = 0C6014F31DC394C800C785FD /* SAPhotoErrorView.swift */; };
		0C60151F1DC394C800C785FD /* SAPhotoImageView.swift in Sources */ = {isa = PBXBuildFile; fileRef = 0C6014F41DC394C800C785FD /* SAPhotoImageView.swift */; };
		0C6015201DC394C800C785FD /* SAPhotoInputView.swift in Sources */ = {isa = PBXBuildFile; fileRef = 0C6014F51DC394C800C785FD /* SAPhotoInputView.swift */; };
		0C6015211DC394C800C785FD /* SAPhotoLibrary.swift in Sources */ = {isa = PBXBuildFile; fileRef = 0C6014F61DC394C800C785FD /* SAPhotoLibrary.swift */; };
		0C6015221DC394C800C785FD /* SAPhotoNavigationBar.swift in Sources */ = {isa = PBXBuildFile; fileRef = 0C6014F71DC394C800C785FD /* SAPhotoNavigationBar.swift */; };
		0C6015231DC394C800C785FD /* SAPhotoPicker.swift in Sources */ = {isa = PBXBuildFile; fileRef = 0C6014F81DC394C800C785FD /* SAPhotoPicker.swift */; };
		0C6015241DC394C800C785FD /* SAPhotoPickerForAlbums.swift in Sources */ = {isa = PBXBuildFile; fileRef = 0C6014F91DC394C800C785FD /* SAPhotoPickerForAlbums.swift */; };
		0C6015251DC394C800C785FD /* SAPhotoPickerForAlbumsCell.swift in Sources */ = {isa = PBXBuildFile; fileRef = 0C6014FA1DC394C800C785FD /* SAPhotoPickerForAlbumsCell.swift */; };
		0C6015261DC394C800C785FD /* SAPhotoPickerForAssets.swift in Sources */ = {isa = PBXBuildFile; fileRef = 0C6014FB1DC394C800C785FD /* SAPhotoPickerForAssets.swift */; };
		0C6015271DC394C800C785FD /* SAPhotoPickerForAssetsCell.swift in Sources */ = {isa = PBXBuildFile; fileRef = 0C6014FC1DC394C800C785FD /* SAPhotoPickerForAssetsCell.swift */; };
		0C6015281DC394C800C785FD /* SAPhotoPickerForAssetsFooter.swift in Sources */ = {isa = PBXBuildFile; fileRef = 0C6014FD1DC394C800C785FD /* SAPhotoPickerForAssetsFooter.swift */; };
		0C6015291DC394C800C785FD /* SAPhotoPickerForAssetsLayout.swift in Sources */ = {isa = PBXBuildFile; fileRef = 0C6014FE1DC394C800C785FD /* SAPhotoPickerForAssetsLayout.swift */; };
		0C60152A1DC394C800C785FD /* SAPhotoPickerForImp.swift in Sources */ = {isa = PBXBuildFile; fileRef = 0C6014FF1DC394C800C785FD /* SAPhotoPickerForImp.swift */; };
		0C60152B1DC394C800C785FD /* SAPhotoPickerForPreviewer.swift in Sources */ = {isa = PBXBuildFile; fileRef = 0C6015001DC394C800C785FD /* SAPhotoPickerForPreviewer.swift */; };
		0C60152C1DC394C800C785FD /* SAPhotoPickerForPreviewerCell.swift in Sources */ = {isa = PBXBuildFile; fileRef = 0C6015011DC394C800C785FD /* SAPhotoPickerForPreviewerCell.swift */; };
		0C60152D1DC394C800C785FD /* SAPhotoPickerForPreviewerCellOfImage.swift in Sources */ = {isa = PBXBuildFile; fileRef = 0C6015021DC394C800C785FD /* SAPhotoPickerForPreviewerCellOfImage.swift */; };
		0C60152E1DC394C800C785FD /* SAPhotoPickerForPreviewerCellOfVideo.swift in Sources */ = {isa = PBXBuildFile; fileRef = 0C6015031DC394C800C785FD /* SAPhotoPickerForPreviewerCellOfVideo.swift */; };
		0C60152F1DC394C800C785FD /* SAPhotoPickerForPreviewerLayout.swift in Sources */ = {isa = PBXBuildFile; fileRef = 0C6015041DC394C800C785FD /* SAPhotoPickerForPreviewerLayout.swift */; };
		0C6015301DC394C800C785FD /* SAPhotoPreviewable.swift in Sources */ = {isa = PBXBuildFile; fileRef = 0C6015051DC394C800C785FD /* SAPhotoPreviewable.swift */; };
		0C6015311DC394C800C785FD /* SAPhotoPreviewableAnimator.swift in Sources */ = {isa = PBXBuildFile; fileRef = 0C6015061DC394C800C785FD /* SAPhotoPreviewableAnimator.swift */; };
		0C6015321DC394C800C785FD /* SAPhotoPreviewableView.swift in Sources */ = {isa = PBXBuildFile; fileRef = 0C6015071DC394C800C785FD /* SAPhotoPreviewableView.swift */; };
		0C6015331DC394C800C785FD /* SAPhotoProgressiveable.swift in Sources */ = {isa = PBXBuildFile; fileRef = 0C6015081DC394C800C785FD /* SAPhotoProgressiveable.swift */; };
		0C6015341DC394C800C785FD /* SAPhotoProgressiveableImage.swift in Sources */ = {isa = PBXBuildFile; fileRef = 0C6015091DC394C800C785FD /* SAPhotoProgressiveableImage.swift */; };
		0C6015351DC394C800C785FD /* SAPhotoRecentlyView.swift in Sources */ = {isa = PBXBuildFile; fileRef = 0C60150A1DC394C800C785FD /* SAPhotoRecentlyView.swift */; };
		0C6015361DC394C800C785FD /* SAPhotoRecentlyViewCell.swift in Sources */ = {isa = PBXBuildFile; fileRef = 0C60150B1DC394C800C785FD /* SAPhotoRecentlyViewCell.swift */; };
		0C6015371DC394C800C785FD /* SAPhotoRecentlyViewLayout.swift in Sources */ = {isa = PBXBuildFile; fileRef = 0C60150C1DC394C800C785FD /* SAPhotoRecentlyViewLayout.swift */; };
		0C6015381DC394C800C785FD /* SAPhotoSelectionable.swift in Sources */ = {isa = PBXBuildFile; fileRef = 0C60150D1DC394C800C785FD /* SAPhotoSelectionable.swift */; };
		0C6015391DC394C800C785FD /* SAPhotoToolbar.swift in Sources */ = {isa = PBXBuildFile; fileRef = 0C60150E1DC394C800C785FD /* SAPhotoToolbar.swift */; };
		0C60153A1DC394C800C785FD /* SAPhotoVideoView.swift in Sources */ = {isa = PBXBuildFile; fileRef = 0C60150F1DC394C800C785FD /* SAPhotoVideoView.swift */; };
		0C60153B1DC394C800C785FD /* SAPhotoView.swift in Sources */ = {isa = PBXBuildFile; fileRef = 0C6015101DC394C800C785FD /* SAPhotoView.swift */; };
		0C60153C1DC394C800C785FD /* SAPhotoWeakObject.swift in Sources */ = {isa = PBXBuildFile; fileRef = 0C6015111DC394C800C785FD /* SAPhotoWeakObject.swift */; };
		0C60153F1DC394D400C785FD /* Logger.swift in Sources */ = {isa = PBXBuildFile; fileRef = 0C60153E1DC394D400C785FD /* Logger.swift */; };
/* End PBXBuildFile section */

/* Begin PBXFileReference section */
		0C6014B91DC3934E00C785FD /* SAPhotos.app */ = {isa = PBXFileReference; explicitFileType = wrapper.application; includeInIndex = 0; path = SAPhotos.app; sourceTree = BUILT_PRODUCTS_DIR; };
		0C6014BC1DC3934E00C785FD /* AppDelegate.swift */ = {isa = PBXFileReference; lastKnownFileType = sourcecode.swift; path = AppDelegate.swift; sourceTree = "<group>"; };
		0C6014BE1DC3934E00C785FD /* ViewController.swift */ = {isa = PBXFileReference; lastKnownFileType = sourcecode.swift; path = ViewController.swift; sourceTree = "<group>"; };
		0C6014C11DC3934E00C785FD /* Base */ = {isa = PBXFileReference; lastKnownFileType = file.storyboard; name = Base; path = Base.lproj/Main.storyboard; sourceTree = "<group>"; };
		0C6014C31DC3934E00C785FD /* Assets.xcassets */ = {isa = PBXFileReference; lastKnownFileType = folder.assetcatalog; path = Assets.xcassets; sourceTree = "<group>"; };
		0C6014C61DC3934E00C785FD /* Base */ = {isa = PBXFileReference; lastKnownFileType = file.storyboard; name = Base; path = Base.lproj/LaunchScreen.storyboard; sourceTree = "<group>"; };
		0C6014C81DC3934E00C785FD /* Info.plist */ = {isa = PBXFileReference; lastKnownFileType = text.plist.xml; path = Info.plist; sourceTree = "<group>"; };
		0C6014E71DC394C800C785FD /* SAPhoto.swift */ = {isa = PBXFileReference; fileEncoding = 4; lastKnownFileType = sourcecode.swift; path = SAPhoto.swift; sourceTree = "<group>"; };
		0C6014E81DC394C800C785FD /* SAPhotoAlbum.swift */ = {isa = PBXFileReference; fileEncoding = 4; lastKnownFileType = sourcecode.swift; path = SAPhotoAlbum.swift; sourceTree = "<group>"; };
		0C6014E91DC394C800C785FD /* SAPhotoAlbumStackView.swift */ = {isa = PBXFileReference; fileEncoding = 4; lastKnownFileType = sourcecode.swift; path = SAPhotoAlbumStackView.swift; sourceTree = "<group>"; };
		0C6014EA1DC394C800C785FD /* SAPhotoBadgeView.swift */ = {isa = PBXFileReference; fileEncoding = 4; lastKnownFileType = sourcecode.swift; path = SAPhotoBadgeView.swift; sourceTree = "<group>"; };
		0C6014EB1DC394C800C785FD /* SAPhotoBarItem.swift */ = {isa = PBXFileReference; fileEncoding = 4; lastKnownFileType = sourcecode.swift; path = SAPhotoBarItem.swift; sourceTree = "<group>"; };
		0C6014EC1DC394C800C785FD /* SAPhotoBrowser.swift */ = {isa = PBXFileReference; fileEncoding = 4; lastKnownFileType = sourcecode.swift; path = SAPhotoBrowser.swift; sourceTree = "<group>"; };
		0C6014ED1DC394C800C785FD /* SAPhotoBrowserAudioView.swift */ = {isa = PBXFileReference; fileEncoding = 4; lastKnownFileType = sourcecode.swift; path = SAPhotoBrowserAudioView.swift; sourceTree = "<group>"; };
		0C6014EE1DC394C800C785FD /* SAPhotoBrowserImageView.swift */ = {isa = PBXFileReference; fileEncoding = 4; lastKnownFileType = sourcecode.swift; path = SAPhotoBrowserImageView.swift; sourceTree = "<group>"; };
		0C6014EF1DC394C800C785FD /* SAPhotoBrowserVideoView.swift */ = {isa = PBXFileReference; fileEncoding = 4; lastKnownFileType = sourcecode.swift; path = SAPhotoBrowserVideoView.swift; sourceTree = "<group>"; };
		0C6014F01DC394C800C785FD /* SAPhotoBrowserView.swift */ = {isa = PBXFileReference; fileEncoding = 4; lastKnownFileType = sourcecode.swift; path = SAPhotoBrowserView.swift; sourceTree = "<group>"; };
		0C6014F11DC394C800C785FD /* SAPhotoContainterView.swift */ = {isa = PBXFileReference; fileEncoding = 4; lastKnownFileType = sourcecode.swift; path = SAPhotoContainterView.swift; sourceTree = "<group>"; };
		0C6014F21DC394C800C785FD /* SAPhotoEditor.swift */ = {isa = PBXFileReference; fileEncoding = 4; lastKnownFileType = sourcecode.swift; path = SAPhotoEditor.swift; sourceTree = "<group>"; };
		0C6014F31DC394C800C785FD /* SAPhotoErrorView.swift */ = {isa = PBXFileReference; fileEncoding = 4; lastKnownFileType = sourcecode.swift; path = SAPhotoErrorView.swift; sourceTree = "<group>"; };
		0C6014F41DC394C800C785FD /* SAPhotoImageView.swift */ = {isa = PBXFileReference; fileEncoding = 4; lastKnownFileType = sourcecode.swift; path = SAPhotoImageView.swift; sourceTree = "<group>"; };
		0C6014F51DC394C800C785FD /* SAPhotoInputView.swift */ = {isa = PBXFileReference; fileEncoding = 4; lastKnownFileType = sourcecode.swift; path = SAPhotoInputView.swift; sourceTree = "<group>"; };
		0C6014F61DC394C800C785FD /* SAPhotoLibrary.swift */ = {isa = PBXFileReference; fileEncoding = 4; lastKnownFileType = sourcecode.swift; path = SAPhotoLibrary.swift; sourceTree = "<group>"; };
		0C6014F71DC394C800C785FD /* SAPhotoNavigationBar.swift */ = {isa = PBXFileReference; fileEncoding = 4; lastKnownFileType = sourcecode.swift; path = SAPhotoNavigationBar.swift; sourceTree = "<group>"; };
		0C6014F81DC394C800C785FD /* SAPhotoPicker.swift */ = {isa = PBXFileReference; fileEncoding = 4; lastKnownFileType = sourcecode.swift; path = SAPhotoPicker.swift; sourceTree = "<group>"; };
		0C6014F91DC394C800C785FD /* SAPhotoPickerForAlbums.swift */ = {isa = PBXFileReference; fileEncoding = 4; lastKnownFileType = sourcecode.swift; path = SAPhotoPickerForAlbums.swift; sourceTree = "<group>"; };
		0C6014FA1DC394C800C785FD /* SAPhotoPickerForAlbumsCell.swift */ = {isa = PBXFileReference; fileEncoding = 4; lastKnownFileType = sourcecode.swift; path = SAPhotoPickerForAlbumsCell.swift; sourceTree = "<group>"; };
		0C6014FB1DC394C800C785FD /* SAPhotoPickerForAssets.swift */ = {isa = PBXFileReference; fileEncoding = 4; lastKnownFileType = sourcecode.swift; path = SAPhotoPickerForAssets.swift; sourceTree = "<group>"; };
		0C6014FC1DC394C800C785FD /* SAPhotoPickerForAssetsCell.swift */ = {isa = PBXFileReference; fileEncoding = 4; lastKnownFileType = sourcecode.swift; path = SAPhotoPickerForAssetsCell.swift; sourceTree = "<group>"; };
		0C6014FD1DC394C800C785FD /* SAPhotoPickerForAssetsFooter.swift */ = {isa = PBXFileReference; fileEncoding = 4; lastKnownFileType = sourcecode.swift; path = SAPhotoPickerForAssetsFooter.swift; sourceTree = "<group>"; };
		0C6014FE1DC394C800C785FD /* SAPhotoPickerForAssetsLayout.swift */ = {isa = PBXFileReference; fileEncoding = 4; lastKnownFileType = sourcecode.swift; path = SAPhotoPickerForAssetsLayout.swift; sourceTree = "<group>"; };
		0C6014FF1DC394C800C785FD /* SAPhotoPickerForImp.swift */ = {isa = PBXFileReference; fileEncoding = 4; lastKnownFileType = sourcecode.swift; path = SAPhotoPickerForImp.swift; sourceTree = "<group>"; };
		0C6015001DC394C800C785FD /* SAPhotoPickerForPreviewer.swift */ = {isa = PBXFileReference; fileEncoding = 4; lastKnownFileType = sourcecode.swift; path = SAPhotoPickerForPreviewer.swift; sourceTree = "<group>"; };
		0C6015011DC394C800C785FD /* SAPhotoPickerForPreviewerCell.swift */ = {isa = PBXFileReference; fileEncoding = 4; lastKnownFileType = sourcecode.swift; path = SAPhotoPickerForPreviewerCell.swift; sourceTree = "<group>"; };
		0C6015021DC394C800C785FD /* SAPhotoPickerForPreviewerCellOfImage.swift */ = {isa = PBXFileReference; fileEncoding = 4; lastKnownFileType = sourcecode.swift; path = SAPhotoPickerForPreviewerCellOfImage.swift; sourceTree = "<group>"; };
		0C6015031DC394C800C785FD /* SAPhotoPickerForPreviewerCellOfVideo.swift */ = {isa = PBXFileReference; fileEncoding = 4; lastKnownFileType = sourcecode.swift; path = SAPhotoPickerForPreviewerCellOfVideo.swift; sourceTree = "<group>"; };
		0C6015041DC394C800C785FD /* SAPhotoPickerForPreviewerLayout.swift */ = {isa = PBXFileReference; fileEncoding = 4; lastKnownFileType = sourcecode.swift; path = SAPhotoPickerForPreviewerLayout.swift; sourceTree = "<group>"; };
		0C6015051DC394C800C785FD /* SAPhotoPreviewable.swift */ = {isa = PBXFileReference; fileEncoding = 4; lastKnownFileType = sourcecode.swift; path = SAPhotoPreviewable.swift; sourceTree = "<group>"; };
		0C6015061DC394C800C785FD /* SAPhotoPreviewableAnimator.swift */ = {isa = PBXFileReference; fileEncoding = 4; lastKnownFileType = sourcecode.swift; path = SAPhotoPreviewableAnimator.swift; sourceTree = "<group>"; };
		0C6015071DC394C800C785FD /* SAPhotoPreviewableView.swift */ = {isa = PBXFileReference; fileEncoding = 4; lastKnownFileType = sourcecode.swift; path = SAPhotoPreviewableView.swift; sourceTree = "<group>"; };
		0C6015081DC394C800C785FD /* SAPhotoProgressiveable.swift */ = {isa = PBXFileReference; fileEncoding = 4; lastKnownFileType = sourcecode.swift; path = SAPhotoProgressiveable.swift; sourceTree = "<group>"; };
		0C6015091DC394C800C785FD /* SAPhotoProgressiveableImage.swift */ = {isa = PBXFileReference; fileEncoding = 4; lastKnownFileType = sourcecode.swift; path = SAPhotoProgressiveableImage.swift; sourceTree = "<group>"; };
		0C60150A1DC394C800C785FD /* SAPhotoRecentlyView.swift */ = {isa = PBXFileReference; fileEncoding = 4; lastKnownFileType = sourcecode.swift; path = SAPhotoRecentlyView.swift; sourceTree = "<group>"; };
		0C60150B1DC394C800C785FD /* SAPhotoRecentlyViewCell.swift */ = {isa = PBXFileReference; fileEncoding = 4; lastKnownFileType = sourcecode.swift; path = SAPhotoRecentlyViewCell.swift; sourceTree = "<group>"; };
		0C60150C1DC394C800C785FD /* SAPhotoRecentlyViewLayout.swift */ = {isa = PBXFileReference; fileEncoding = 4; lastKnownFileType = sourcecode.swift; path = SAPhotoRecentlyViewLayout.swift; sourceTree = "<group>"; };
		0C60150D1DC394C800C785FD /* SAPhotoSelectionable.swift */ = {isa = PBXFileReference; fileEncoding = 4; lastKnownFileType = sourcecode.swift; path = SAPhotoSelectionable.swift; sourceTree = "<group>"; };
		0C60150E1DC394C800C785FD /* SAPhotoToolbar.swift */ = {isa = PBXFileReference; fileEncoding = 4; lastKnownFileType = sourcecode.swift; path = SAPhotoToolbar.swift; sourceTree = "<group>"; };
		0C60150F1DC394C800C785FD /* SAPhotoVideoView.swift */ = {isa = PBXFileReference; fileEncoding = 4; lastKnownFileType = sourcecode.swift; path = SAPhotoVideoView.swift; sourceTree = "<group>"; };
		0C6015101DC394C800C785FD /* SAPhotoView.swift */ = {isa = PBXFileReference; fileEncoding = 4; lastKnownFileType = sourcecode.swift; path = SAPhotoView.swift; sourceTree = "<group>"; };
		0C6015111DC394C800C785FD /* SAPhotoWeakObject.swift */ = {isa = PBXFileReference; fileEncoding = 4; lastKnownFileType = sourcecode.swift; path = SAPhotoWeakObject.swift; sourceTree = "<group>"; };
		0C60153E1DC394D400C785FD /* Logger.swift */ = {isa = PBXFileReference; fileEncoding = 4; lastKnownFileType = sourcecode.swift; path = Logger.swift; sourceTree = "<group>"; };
/* End PBXFileReference section */

/* Begin PBXFrameworksBuildPhase section */
		0C6014B61DC3934E00C785FD /* Frameworks */ = {
			isa = PBXFrameworksBuildPhase;
			buildActionMask = 2147483647;
			files = (
			);
			runOnlyForDeploymentPostprocessing = 0;
		};
/* End PBXFrameworksBuildPhase section */

/* Begin PBXGroup section */
		0C6014B01DC3934E00C785FD = {
			isa = PBXGroup;
			children = (
				0C60153D1DC394D400C785FD /* Logger */,
				0C6014E61DC394C800C785FD /* Photos */,
				0C6014BB1DC3934E00C785FD /* Supporting Files */,
				0C6014BA1DC3934E00C785FD /* Products */,
			);
			sourceTree = "<group>";
		};
		0C6014BA1DC3934E00C785FD /* Products */ = {
			isa = PBXGroup;
			children = (
				0C6014B91DC3934E00C785FD /* SAPhotos.app */,
			);
			name = Products;
			sourceTree = "<group>";
		};
		0C6014BB1DC3934E00C785FD /* Supporting Files */ = {
			isa = PBXGroup;
			children = (
				0C6014BC1DC3934E00C785FD /* AppDelegate.swift */,
				0C6014BE1DC3934E00C785FD /* ViewController.swift */,
				0C6014C01DC3934E00C785FD /* Main.storyboard */,
				0C6014C31DC3934E00C785FD /* Assets.xcassets */,
				0C6014C51DC3934E00C785FD /* LaunchScreen.storyboard */,
				0C6014C81DC3934E00C785FD /* Info.plist */,
			);
			name = "Supporting Files";
			path = SAPhotos;
			sourceTree = "<group>";
		};
		0C6014E61DC394C800C785FD /* Photos */ = {
			isa = PBXGroup;
			children = (
				0C6014E71DC394C800C785FD /* SAPhoto.swift */,
				0C6014E81DC394C800C785FD /* SAPhotoAlbum.swift */,
				0C6014E91DC394C800C785FD /* SAPhotoAlbumStackView.swift */,
				0C6014EA1DC394C800C785FD /* SAPhotoBadgeView.swift */,
				0C6014EB1DC394C800C785FD /* SAPhotoBarItem.swift */,
				0C6014EC1DC394C800C785FD /* SAPhotoBrowser.swift */,
				0C6014ED1DC394C800C785FD /* SAPhotoBrowserAudioView.swift */,
				0C6014EE1DC394C800C785FD /* SAPhotoBrowserImageView.swift */,
				0C6014EF1DC394C800C785FD /* SAPhotoBrowserVideoView.swift */,
				0C6014F01DC394C800C785FD /* SAPhotoBrowserView.swift */,
				0C6014F11DC394C800C785FD /* SAPhotoContainterView.swift */,
				0C6014F21DC394C800C785FD /* SAPhotoEditor.swift */,
				0C6014F31DC394C800C785FD /* SAPhotoErrorView.swift */,
				0C6014F41DC394C800C785FD /* SAPhotoImageView.swift */,
				0C6014F51DC394C800C785FD /* SAPhotoInputView.swift */,
				0C6014F61DC394C800C785FD /* SAPhotoLibrary.swift */,
				0C6014F71DC394C800C785FD /* SAPhotoNavigationBar.swift */,
				0C6014F81DC394C800C785FD /* SAPhotoPicker.swift */,
				0C6014F91DC394C800C785FD /* SAPhotoPickerForAlbums.swift */,
				0C6014FA1DC394C800C785FD /* SAPhotoPickerForAlbumsCell.swift */,
				0C6014FB1DC394C800C785FD /* SAPhotoPickerForAssets.swift */,
				0C6014FC1DC394C800C785FD /* SAPhotoPickerForAssetsCell.swift */,
				0C6014FD1DC394C800C785FD /* SAPhotoPickerForAssetsFooter.swift */,
				0C6014FE1DC394C800C785FD /* SAPhotoPickerForAssetsLayout.swift */,
				0C6014FF1DC394C800C785FD /* SAPhotoPickerForImp.swift */,
				0C6015001DC394C800C785FD /* SAPhotoPickerForPreviewer.swift */,
				0C6015011DC394C800C785FD /* SAPhotoPickerForPreviewerCell.swift */,
				0C6015021DC394C800C785FD /* SAPhotoPickerForPreviewerCellOfImage.swift */,
				0C6015031DC394C800C785FD /* SAPhotoPickerForPreviewerCellOfVideo.swift */,
				0C6015041DC394C800C785FD /* SAPhotoPickerForPreviewerLayout.swift */,
				0C6015051DC394C800C785FD /* SAPhotoPreviewable.swift */,
				0C6015061DC394C800C785FD /* SAPhotoPreviewableAnimator.swift */,
				0C6015071DC394C800C785FD /* SAPhotoPreviewableView.swift */,
				0C6015081DC394C800C785FD /* SAPhotoProgressiveable.swift */,
				0C6015091DC394C800C785FD /* SAPhotoProgressiveableImage.swift */,
				0C60150A1DC394C800C785FD /* SAPhotoRecentlyView.swift */,
				0C60150B1DC394C800C785FD /* SAPhotoRecentlyViewCell.swift */,
				0C60150C1DC394C800C785FD /* SAPhotoRecentlyViewLayout.swift */,
				0C60150D1DC394C800C785FD /* SAPhotoSelectionable.swift */,
				0C60150E1DC394C800C785FD /* SAPhotoToolbar.swift */,
				0C60150F1DC394C800C785FD /* SAPhotoVideoView.swift */,
				0C6015101DC394C800C785FD /* SAPhotoView.swift */,
				0C6015111DC394C800C785FD /* SAPhotoWeakObject.swift */,
			);
			name = Photos;
			path = ../SIMChat/Librarys/Photos;
			sourceTree = "<group>";
		};
		0C60153D1DC394D400C785FD /* Logger */ = {
			isa = PBXGroup;
			children = (
				0C60153E1DC394D400C785FD /* Logger.swift */,
			);
			name = Logger;
			path = ../SIMChat/Librarys/Logger;
			sourceTree = "<group>";
		};
/* End PBXGroup section */

/* Begin PBXNativeTarget section */
		0C6014B81DC3934E00C785FD /* SAPhotos */ = {
			isa = PBXNativeTarget;
			buildConfigurationList = 0C6014CB1DC3934E00C785FD /* Build configuration list for PBXNativeTarget "SAPhotos" */;
			buildPhases = (
				0C6014B51DC3934E00C785FD /* Sources */,
				0C6014B61DC3934E00C785FD /* Frameworks */,
				0C6014B71DC3934E00C785FD /* Resources */,
			);
			buildRules = (
			);
			dependencies = (
			);
			name = SAPhotos;
			productName = SAPhotos;
			productReference = 0C6014B91DC3934E00C785FD /* SAPhotos.app */;
			productType = "com.apple.product-type.application";
		};
/* End PBXNativeTarget section */

/* Begin PBXProject section */
		0C6014B11DC3934E00C785FD /* Project object */ = {
			isa = PBXProject;
			attributes = {
				CLASSPREFIX = SAP;
				LastSwiftUpdateCheck = 0810;
				LastUpgradeCheck = 0810;
				ORGANIZATIONNAME = sagesse;
				TargetAttributes = {
					0C6014B81DC3934E00C785FD = {
						CreatedOnToolsVersion = 8.1;
						DevelopmentTeam = FN2B5W3WWQ;
						ProvisioningStyle = Automatic;
					};
				};
			};
			buildConfigurationList = 0C6014B41DC3934E00C785FD /* Build configuration list for PBXProject "SAPhotos" */;
			compatibilityVersion = "Xcode 3.2";
			developmentRegion = English;
			hasScannedForEncodings = 0;
			knownRegions = (
				en,
				Base,
			);
			mainGroup = 0C6014B01DC3934E00C785FD;
			productRefGroup = 0C6014BA1DC3934E00C785FD /* Products */;
			projectDirPath = "";
			projectRoot = "";
			targets = (
				0C6014B81DC3934E00C785FD /* SAPhotos */,
			);
		};
/* End PBXProject section */

/* Begin PBXResourcesBuildPhase section */
		0C6014B71DC3934E00C785FD /* Resources */ = {
			isa = PBXResourcesBuildPhase;
			buildActionMask = 2147483647;
			files = (
				0C6014C71DC3934E00C785FD /* LaunchScreen.storyboard in Resources */,
				0C6014C41DC3934E00C785FD /* Assets.xcassets in Resources */,
				0C6014C21DC3934E00C785FD /* Main.storyboard in Resources */,
			);
			runOnlyForDeploymentPostprocessing = 0;
		};
/* End PBXResourcesBuildPhase section */

/* Begin PBXSourcesBuildPhase section */
		0C6014B51DC3934E00C785FD /* Sources */ = {
			isa = PBXSourcesBuildPhase;
			buildActionMask = 2147483647;
			files = (
				0C60151B1DC394C800C785FD /* SAPhotoBrowserView.swift in Sources */,
				0C6015161DC394C800C785FD /* SAPhotoBarItem.swift in Sources */,
				0C6015331DC394C800C785FD /* SAPhotoProgressiveable.swift in Sources */,
				0C6015311DC394C800C785FD /* SAPhotoPreviewableAnimator.swift in Sources */,
				0C6015251DC394C800C785FD /* SAPhotoPickerForAlbumsCell.swift in Sources */,
				0C6015361DC394C800C785FD /* SAPhotoRecentlyViewCell.swift in Sources */,
				0C6015171DC394C800C785FD /* SAPhotoBrowser.swift in Sources */,
				0C6015371DC394C800C785FD /* SAPhotoRecentlyViewLayout.swift in Sources */,
				0C6015141DC394C800C785FD /* SAPhotoAlbumStackView.swift in Sources */,
				0C60153F1DC394D400C785FD /* Logger.swift in Sources */,
				0C60151A1DC394C800C785FD /* SAPhotoBrowserVideoView.swift in Sources */,
				0C6015341DC394C800C785FD /* SAPhotoProgressiveableImage.swift in Sources */,
				0C6015321DC394C800C785FD /* SAPhotoPreviewableView.swift in Sources */,
				0C60151E1DC394C800C785FD /* SAPhotoErrorView.swift in Sources */,
				0C60151C1DC394C800C785FD /* SAPhotoContainterView.swift in Sources */,
				0C60152E1DC394C800C785FD /* SAPhotoPickerForPreviewerCellOfVideo.swift in Sources */,
				0C6015131DC394C800C785FD /* SAPhotoAlbum.swift in Sources */,
				0C6015391DC394C800C785FD /* SAPhotoToolbar.swift in Sources */,
				0C6015211DC394C800C785FD /* SAPhotoLibrary.swift in Sources */,
				0C6015261DC394C800C785FD /* SAPhotoPickerForAssets.swift in Sources */,
				0C6014BF1DC3934E00C785FD /* ViewController.swift in Sources */,
				0C6015231DC394C800C785FD /* SAPhotoPicker.swift in Sources */,
				0C60152D1DC394C800C785FD /* SAPhotoPickerForPreviewerCellOfImage.swift in Sources */,
				0C6015181DC394C800C785FD /* SAPhotoBrowserAudioView.swift in Sources */,
				0C60153A1DC394C800C785FD /* SAPhotoVideoView.swift in Sources */,
				0C6015201DC394C800C785FD /* SAPhotoInputView.swift in Sources */,
				0C60151D1DC394C800C785FD /* SAPhotoEditor.swift in Sources */,
				0C6015191DC394C800C785FD /* SAPhotoBrowserImageView.swift in Sources */,
				0C60153C1DC394C800C785FD /* SAPhotoWeakObject.swift in Sources */,
				0C6015291DC394C800C785FD /* SAPhotoPickerForAssetsLayout.swift in Sources */,
				0C60152B1DC394C800C785FD /* SAPhotoPickerForPreviewer.swift in Sources */,
				0C60153B1DC394C800C785FD /* SAPhotoView.swift in Sources */,
				0C6015281DC394C800C785FD /* SAPhotoPickerForAssetsFooter.swift in Sources */,
				0C6015151DC394C800C785FD /* SAPhotoBadgeView.swift in Sources */,
				0C6015271DC394C800C785FD /* SAPhotoPickerForAssetsCell.swift in Sources */,
				0C6015241DC394C800C785FD /* SAPhotoPickerForAlbums.swift in Sources */,
				0C6015301DC394C800C785FD /* SAPhotoPreviewable.swift in Sources */,
				0C60151F1DC394C800C785FD /* SAPhotoImageView.swift in Sources */,
				0C60152F1DC394C800C785FD /* SAPhotoPickerForPreviewerLayout.swift in Sources */,
				0C60152A1DC394C800C785FD /* SAPhotoPickerForImp.swift in Sources */,
				0C6014BD1DC3934E00C785FD /* AppDelegate.swift in Sources */,
				0C6015381DC394C800C785FD /* SAPhotoSelectionable.swift in Sources */,
				0C6015221DC394C800C785FD /* SAPhotoNavigationBar.swift in Sources */,
				0C6015121DC394C800C785FD /* SAPhoto.swift in Sources */,
				0C60152C1DC394C800C785FD /* SAPhotoPickerForPreviewerCell.swift in Sources */,
				0C6015351DC394C800C785FD /* SAPhotoRecentlyView.swift in Sources */,
			);
			runOnlyForDeploymentPostprocessing = 0;
		};
/* End PBXSourcesBuildPhase section */

/* Begin PBXVariantGroup section */
		0C6014C01DC3934E00C785FD /* Main.storyboard */ = {
			isa = PBXVariantGroup;
			children = (
				0C6014C11DC3934E00C785FD /* Base */,
			);
			name = Main.storyboard;
			sourceTree = "<group>";
		};
		0C6014C51DC3934E00C785FD /* LaunchScreen.storyboard */ = {
			isa = PBXVariantGroup;
			children = (
				0C6014C61DC3934E00C785FD /* Base */,
			);
			name = LaunchScreen.storyboard;
			sourceTree = "<group>";
		};
/* End PBXVariantGroup section */

/* Begin XCBuildConfiguration section */
		0C6014C91DC3934E00C785FD /* Debug */ = {
			isa = XCBuildConfiguration;
			buildSettings = {
				ALWAYS_SEARCH_USER_PATHS = NO;
				CLANG_ANALYZER_NONNULL = YES;
				CLANG_CXX_LANGUAGE_STANDARD = "gnu++0x";
				CLANG_CXX_LIBRARY = "libc++";
				CLANG_ENABLE_MODULES = YES;
				CLANG_ENABLE_OBJC_ARC = YES;
				CLANG_WARN_BOOL_CONVERSION = YES;
				CLANG_WARN_CONSTANT_CONVERSION = YES;
				CLANG_WARN_DIRECT_OBJC_ISA_USAGE = YES_ERROR;
				CLANG_WARN_DOCUMENTATION_COMMENTS = YES;
				CLANG_WARN_EMPTY_BODY = YES;
				CLANG_WARN_ENUM_CONVERSION = YES;
				CLANG_WARN_INFINITE_RECURSION = YES;
				CLANG_WARN_INT_CONVERSION = YES;
				CLANG_WARN_OBJC_ROOT_CLASS = YES_ERROR;
				CLANG_WARN_SUSPICIOUS_MOVES = YES;
				CLANG_WARN_UNREACHABLE_CODE = YES;
				CLANG_WARN__DUPLICATE_METHOD_MATCH = YES;
				"CODE_SIGN_IDENTITY[sdk=iphoneos*]" = "iPhone Developer";
				COPY_PHASE_STRIP = NO;
				DEBUG_INFORMATION_FORMAT = dwarf;
				ENABLE_STRICT_OBJC_MSGSEND = YES;
				ENABLE_TESTABILITY = YES;
				GCC_C_LANGUAGE_STANDARD = gnu99;
				GCC_DYNAMIC_NO_PIC = NO;
				GCC_NO_COMMON_BLOCKS = YES;
				GCC_OPTIMIZATION_LEVEL = 0;
				GCC_PREPROCESSOR_DEFINITIONS = (
					"DEBUG=1",
					"$(inherited)",
				);
				GCC_WARN_64_TO_32_BIT_CONVERSION = YES;
				GCC_WARN_ABOUT_RETURN_TYPE = YES_ERROR;
				GCC_WARN_UNDECLARED_SELECTOR = YES;
				GCC_WARN_UNINITIALIZED_AUTOS = YES_AGGRESSIVE;
				GCC_WARN_UNUSED_FUNCTION = YES;
				GCC_WARN_UNUSED_VARIABLE = YES;
				IPHONEOS_DEPLOYMENT_TARGET = 8.0;
				MTL_ENABLE_DEBUG_INFO = YES;
				ONLY_ACTIVE_ARCH = YES;
				SDKROOT = iphoneos;
				SWIFT_ACTIVE_COMPILATION_CONDITIONS = DEBUG;
				SWIFT_OPTIMIZATION_LEVEL = "-Onone";
			};
			name = Debug;
		};
		0C6014CA1DC3934E00C785FD /* Release */ = {
			isa = XCBuildConfiguration;
			buildSettings = {
				ALWAYS_SEARCH_USER_PATHS = NO;
				CLANG_ANALYZER_NONNULL = YES;
				CLANG_CXX_LANGUAGE_STANDARD = "gnu++0x";
				CLANG_CXX_LIBRARY = "libc++";
				CLANG_ENABLE_MODULES = YES;
				CLANG_ENABLE_OBJC_ARC = YES;
				CLANG_WARN_BOOL_CONVERSION = YES;
				CLANG_WARN_CONSTANT_CONVERSION = YES;
				CLANG_WARN_DIRECT_OBJC_ISA_USAGE = YES_ERROR;
				CLANG_WARN_DOCUMENTATION_COMMENTS = YES;
				CLANG_WARN_EMPTY_BODY = YES;
				CLANG_WARN_ENUM_CONVERSION = YES;
				CLANG_WARN_INFINITE_RECURSION = YES;
				CLANG_WARN_INT_CONVERSION = YES;
				CLANG_WARN_OBJC_ROOT_CLASS = YES_ERROR;
				CLANG_WARN_SUSPICIOUS_MOVES = YES;
				CLANG_WARN_UNREACHABLE_CODE = YES;
				CLANG_WARN__DUPLICATE_METHOD_MATCH = YES;
				"CODE_SIGN_IDENTITY[sdk=iphoneos*]" = "iPhone Developer";
				COPY_PHASE_STRIP = NO;
				DEBUG_INFORMATION_FORMAT = "dwarf-with-dsym";
				ENABLE_NS_ASSERTIONS = NO;
				ENABLE_STRICT_OBJC_MSGSEND = YES;
				GCC_C_LANGUAGE_STANDARD = gnu99;
				GCC_NO_COMMON_BLOCKS = YES;
				GCC_WARN_64_TO_32_BIT_CONVERSION = YES;
				GCC_WARN_ABOUT_RETURN_TYPE = YES_ERROR;
				GCC_WARN_UNDECLARED_SELECTOR = YES;
				GCC_WARN_UNINITIALIZED_AUTOS = YES_AGGRESSIVE;
				GCC_WARN_UNUSED_FUNCTION = YES;
				GCC_WARN_UNUSED_VARIABLE = YES;
				IPHONEOS_DEPLOYMENT_TARGET = 8.0;
				MTL_ENABLE_DEBUG_INFO = NO;
				SDKROOT = iphoneos;
				SWIFT_OPTIMIZATION_LEVEL = "-Owholemodule";
				VALIDATE_PRODUCT = YES;
			};
			name = Release;
		};
		0C6014CC1DC3934E00C785FD /* Debug */ = {
			isa = XCBuildConfiguration;
			buildSettings = {
				ASSETCATALOG_COMPILER_APPICON_NAME = AppIcon;
				DEVELOPMENT_TEAM = FN2B5W3WWQ;
				INFOPLIST_FILE = SAPhotos/Info.plist;
				LD_RUNPATH_SEARCH_PATHS = "$(inherited) @executable_path/Frameworks";
				PRODUCT_BUNDLE_IDENTIFIER = SA.SAPhotos;
				PRODUCT_NAME = "$(TARGET_NAME)";
				SWIFT_VERSION = 3.0;
			};
			name = Debug;
		};
		0C6014CD1DC3934E00C785FD /* Release */ = {
			isa = XCBuildConfiguration;
			buildSettings = {
				ASSETCATALOG_COMPILER_APPICON_NAME = AppIcon;
				DEVELOPMENT_TEAM = FN2B5W3WWQ;
				INFOPLIST_FILE = SAPhotos/Info.plist;
				LD_RUNPATH_SEARCH_PATHS = "$(inherited) @executable_path/Frameworks";
				PRODUCT_BUNDLE_IDENTIFIER = SA.SAPhotos;
				PRODUCT_NAME = "$(TARGET_NAME)";
				SWIFT_VERSION = 3.0;
			};
			name = Release;
		};
/* End XCBuildConfiguration section */

/* Begin XCConfigurationList section */
		0C6014B41DC3934E00C785FD /* Build configuration list for PBXProject "SAPhotos" */ = {
			isa = XCConfigurationList;
			buildConfigurations = (
				0C6014C91DC3934E00C785FD /* Debug */,
				0C6014CA1DC3934E00C785FD /* Release */,
			);
			defaultConfigurationIsVisible = 0;
			defaultConfigurationName = Release;
		};
		0C6014CB1DC3934E00C785FD /* Build configuration list for PBXNativeTarget "SAPhotos" */ = {
			isa = XCConfigurationList;
			buildConfigurations = (
				0C6014CC1DC3934E00C785FD /* Debug */,
				0C6014CD1DC3934E00C785FD /* Release */,
			);
			defaultConfigurationIsVisible = 0;
			defaultConfigurationName = Release;
		};
/* End XCConfigurationList section */
	};
	rootObject = 0C6014B11DC3934E00C785FD /* Project object */;
}
